// !$*UTF8*$!
{
	archiveVersion = 1;
	classes = {
	};
	objectVersion = 46;
	objects = {

/* Begin PBXBuildFile section */
		04A196AC1E1E6516005B347D /* main.m in Sources */ = {isa = PBXBuildFile; fileRef = 04A196AB1E1E6516005B347D /* main.m */; };
		04A196AF1E1E6516005B347D /* AppDelegate.m in Sources */ = {isa = PBXBuildFile; fileRef = 04A196AE1E1E6516005B347D /* AppDelegate.m */; };
		04A196B21E1E6516005B347D /* ViewController.m in Sources */ = {isa = PBXBuildFile; fileRef = 04A196B11E1E6516005B347D /* ViewController.m */; };
		04A196B51E1E6516005B347D /* Main.storyboard in Resources */ = {isa = PBXBuildFile; fileRef = 04A196B31E1E6516005B347D /* Main.storyboard */; };
		04A196B71E1E6516005B347D /* Assets.xcassets in Resources */ = {isa = PBXBuildFile; fileRef = 04A196B61E1E6516005B347D /* Assets.xcassets */; };
		04A196BA1E1E6516005B347D /* LaunchScreen.storyboard in Resources */ = {isa = PBXBuildFile; fileRef = 04A196B81E1E6516005B347D /* LaunchScreen.storyboard */; };
		04A196C81E1E6537005B347D /* NotificationCenter.framework in Frameworks */ = {isa = PBXBuildFile; fileRef = 04A196C71E1E6537005B347D /* NotificationCenter.framework */; };
		04A196CF1E1E6537005B347D /* MainInterface.storyboard in Resources */ = {isa = PBXBuildFile; fileRef = 04A196CD1E1E6537005B347D /* MainInterface.storyboard */; };
		04A196D31E1E6537005B347D /* TodayExtension.appex in Embed App Extensions */ = {isa = PBXBuildFile; fileRef = 04A196C51E1E6536005B347D /* TodayExtension.appex */; settings = {ATTRIBUTES = (RemoveHeadersOnCopy, ); }; };
		04A196DA1E1E66A4005B347D /* TodayViewController.m in Sources */ = {isa = PBXBuildFile; fileRef = 04A196CB1E1E6537005B347D /* TodayViewController.m */; };
/* End PBXBuildFile section */

/* Begin PBXContainerItemProxy section */
		04A196D11E1E6537005B347D /* PBXContainerItemProxy */ = {
			isa = PBXContainerItemProxy;
			containerPortal = 04A1969F1E1E6516005B347D /* Project object */;
			proxyType = 1;
			remoteGlobalIDString = 04A196C41E1E6536005B347D;
			remoteInfo = TodayExtension;
		};
/* End PBXContainerItemProxy section */

/* Begin PBXCopyFilesBuildPhase section */
		04A196D71E1E6537005B347D /* Embed App Extensions */ = {
			isa = PBXCopyFilesBuildPhase;
			buildActionMask = 2147483647;
			dstPath = "";
			dstSubfolderSpec = 13;
			files = (
				04A196D31E1E6537005B347D /* TodayExtension.appex in Embed App Extensions */,
			);
			name = "Embed App Extensions";
			runOnlyForDeploymentPostprocessing = 0;
		};
/* End PBXCopyFilesBuildPhase section */

/* Begin PBXFileReference section */
		04A196A71E1E6516005B347D /* TodayWidget.app */ = {isa = PBXFileReference; explicitFileType = wrapper.application; includeInIndex = 0; path = TodayWidget.app; sourceTree = BUILT_PRODUCTS_DIR; };
		04A196AB1E1E6516005B347D /* main.m */ = {isa = PBXFileReference; lastKnownFileType = sourcecode.c.objc; path = main.m; sourceTree = "<group>"; };
		04A196AD1E1E6516005B347D /* AppDelegate.h */ = {isa = PBXFileReference; lastKnownFileType = sourcecode.c.h; path = AppDelegate.h; sourceTree = "<group>"; };
		04A196AE1E1E6516005B347D /* AppDelegate.m */ = {isa = PBXFileReference; lastKnownFileType = sourcecode.c.objc; path = AppDelegate.m; sourceTree = "<group>"; };
		04A196B01E1E6516005B347D /* ViewController.h */ = {isa = PBXFileReference; lastKnownFileType = sourcecode.c.h; path = ViewController.h; sourceTree = "<group>"; };
		04A196B11E1E6516005B347D /* ViewController.m */ = {isa = PBXFileReference; lastKnownFileType = sourcecode.c.objc; path = ViewController.m; sourceTree = "<group>"; };
		04A196B41E1E6516005B347D /* Base */ = {isa = PBXFileReference; lastKnownFileType = file.storyboard; name = Base; path = Base.lproj/Main.storyboard; sourceTree = "<group>"; };
		04A196B61E1E6516005B347D /* Assets.xcassets */ = {isa = PBXFileReference; lastKnownFileType = folder.assetcatalog; path = Assets.xcassets; sourceTree = "<group>"; };
		04A196B91E1E6516005B347D /* Base */ = {isa = PBXFileReference; lastKnownFileType = file.storyboard; name = Base; path = Base.lproj/LaunchScreen.storyboard; sourceTree = "<group>"; };
		04A196BB1E1E6516005B347D /* Info.plist */ = {isa = PBXFileReference; lastKnownFileType = text.plist.xml; path = Info.plist; sourceTree = "<group>"; };
		04A196C51E1E6536005B347D /* TodayExtension.appex */ = {isa = PBXFileReference; explicitFileType = "wrapper.app-extension"; includeInIndex = 0; path = TodayExtension.appex; sourceTree = BUILT_PRODUCTS_DIR; };
		04A196C71E1E6537005B347D /* NotificationCenter.framework */ = {isa = PBXFileReference; lastKnownFileType = wrapper.framework; name = NotificationCenter.framework; path = System/Library/Frameworks/NotificationCenter.framework; sourceTree = SDKROOT; };
		04A196CA1E1E6537005B347D /* TodayViewController.h */ = {isa = PBXFileReference; lastKnownFileType = sourcecode.c.h; path = TodayViewController.h; sourceTree = "<group>"; };
		04A196CB1E1E6537005B347D /* TodayViewController.m */ = {isa = PBXFileReference; lastKnownFileType = sourcecode.c.objc; path = TodayViewController.m; sourceTree = "<group>"; };
		04A196CE1E1E6537005B347D /* Base */ = {isa = PBXFileReference; lastKnownFileType = file.storyboard; name = Base; path = Base.lproj/MainInterface.storyboard; sourceTree = "<group>"; };
		04A196D01E1E6537005B347D /* Info.plist */ = {isa = PBXFileReference; lastKnownFileType = text.plist.xml; path = Info.plist; sourceTree = "<group>"; };
/* End PBXFileReference section */

/* Begin PBXFrameworksBuildPhase section */
		04A196A41E1E6516005B347D /* Frameworks */ = {
			isa = PBXFrameworksBuildPhase;
			buildActionMask = 2147483647;
			files = (
			);
			runOnlyForDeploymentPostprocessing = 0;
		};
		04A196C21E1E6536005B347D /* Frameworks */ = {
			isa = PBXFrameworksBuildPhase;
			buildActionMask = 2147483647;
			files = (
				04A196C81E1E6537005B347D /* NotificationCenter.framework in Frameworks */,
			);
			runOnlyForDeploymentPostprocessing = 0;
		};
/* End PBXFrameworksBuildPhase section */

/* Begin PBXGroup section */
		04A1969E1E1E6516005B347D = {
			isa = PBXGroup;
			children = (
				04A196A91E1E6516005B347D /* TodayWidget */,
				04A196C91E1E6537005B347D /* TodayExtension */,
				04A196C61E1E6537005B347D /* Frameworks */,
				04A196A81E1E6516005B347D /* Products */,
			);
			sourceTree = "<group>";
		};
		04A196A81E1E6516005B347D /* Products */ = {
			isa = PBXGroup;
			children = (
				04A196A71E1E6516005B347D /* TodayWidget.app */,
				04A196C51E1E6536005B347D /* TodayExtension.appex */,
			);
			name = Products;
			sourceTree = "<group>";
		};
		04A196A91E1E6516005B347D /* TodayWidget */ = {
			isa = PBXGroup;
			children = (
				04A196AD1E1E6516005B347D /* AppDelegate.h */,
				04A196AE1E1E6516005B347D /* AppDelegate.m */,
				04A196B01E1E6516005B347D /* ViewController.h */,
				04A196B11E1E6516005B347D /* ViewController.m */,
				04A196B31E1E6516005B347D /* Main.storyboard */,
				04A196B61E1E6516005B347D /* Assets.xcassets */,
				04A196B81E1E6516005B347D /* LaunchScreen.storyboard */,
				04A196BB1E1E6516005B347D /* Info.plist */,
				04A196AA1E1E6516005B347D /* Supporting Files */,
			);
			path = TodayWidget;
			sourceTree = "<group>";
		};
		04A196AA1E1E6516005B347D /* Supporting Files */ = {
			isa = PBXGroup;
			children = (
				04A196AB1E1E6516005B347D /* main.m */,
			);
			name = "Supporting Files";
			sourceTree = "<group>";
		};
		04A196C61E1E6537005B347D /* Frameworks */ = {
			isa = PBXGroup;
			children = (
				04A196C71E1E6537005B347D /* NotificationCenter.framework */,
			);
			name = Frameworks;
			sourceTree = "<group>";
		};
		04A196C91E1E6537005B347D /* TodayExtension */ = {
			isa = PBXGroup;
			children = (
				04A196CA1E1E6537005B347D /* TodayViewController.h */,
				04A196CB1E1E6537005B347D /* TodayViewController.m */,
				04A196CD1E1E6537005B347D /* MainInterface.storyboard */,
				04A196D01E1E6537005B347D /* Info.plist */,
			);
			path = TodayExtension;
			sourceTree = "<group>";
		};
/* End PBXGroup section */

/* Begin PBXNativeTarget section */
		04A196A61E1E6516005B347D /* TodayWidget */ = {
			isa = PBXNativeTarget;
			buildConfigurationList = 04A196BE1E1E6516005B347D /* Build configuration list for PBXNativeTarget "TodayWidget" */;
			buildPhases = (
				04A196A31E1E6516005B347D /* Sources */,
				04A196A41E1E6516005B347D /* Frameworks */,
				04A196A51E1E6516005B347D /* Resources */,
				04A196D71E1E6537005B347D /* Embed App Extensions */,
			);
			buildRules = (
			);
			dependencies = (
				04A196D21E1E6537005B347D /* PBXTargetDependency */,
			);
			name = TodayWidget;
			productName = TodayWidget;
			productReference = 04A196A71E1E6516005B347D /* TodayWidget.app */;
			productType = "com.apple.product-type.application";
		};
		04A196C41E1E6536005B347D /* TodayExtension */ = {
			isa = PBXNativeTarget;
			buildConfigurationList = 04A196D41E1E6537005B347D /* Build configuration list for PBXNativeTarget "TodayExtension" */;
			buildPhases = (
				04A196C11E1E6536005B347D /* Sources */,
				04A196C21E1E6536005B347D /* Frameworks */,
				04A196C31E1E6536005B347D /* Resources */,
			);
			buildRules = (
			);
			dependencies = (
			);
			name = TodayExtension;
			productName = TodayExtension;
			productReference = 04A196C51E1E6536005B347D /* TodayExtension.appex */;
			productType = "com.apple.product-type.app-extension";
		};
/* End PBXNativeTarget section */

/* Begin PBXProject section */
		04A1969F1E1E6516005B347D /* Project object */ = {
			isa = PBXProject;
			attributes = {
				LastUpgradeCheck = 0810;
				ORGANIZATIONNAME = com.isAdditive;
				TargetAttributes = {
					04A196A61E1E6516005B347D = {
						CreatedOnToolsVersion = 8.1;
						ProvisioningStyle = Automatic;
					};
					04A196C41E1E6536005B347D = {
						CreatedOnToolsVersion = 8.1;
						ProvisioningStyle = Automatic;
					};
				};
			};
			buildConfigurationList = 04A196A21E1E6516005B347D /* Build configuration list for PBXProject "TodayWidget" */;
			compatibilityVersion = "Xcode 3.2";
			developmentRegion = English;
			hasScannedForEncodings = 0;
			knownRegions = (
				en,
				Base,
			);
			mainGroup = 04A1969E1E1E6516005B347D;
			productRefGroup = 04A196A81E1E6516005B347D /* Products */;
			projectDirPath = "";
			projectRoot = "";
			targets = (
				04A196A61E1E6516005B347D /* TodayWidget */,
				04A196C41E1E6536005B347D /* TodayExtension */,
			);
		};
/* End PBXProject section */

/* Begin PBXResourcesBuildPhase section */
		04A196A51E1E6516005B347D /* Resources */ = {
			isa = PBXResourcesBuildPhase;
			buildActionMask = 2147483647;
			files = (
				04A196BA1E1E6516005B347D /* LaunchScreen.storyboard in Resources */,
				04A196B71E1E6516005B347D /* Assets.xcassets in Resources */,
				04A196B51E1E6516005B347D /* Main.storyboard in Resources */,
			);
			runOnlyForDeploymentPostprocessing = 0;
		};
		04A196C31E1E6536005B347D /* Resources */ = {
			isa = PBXResourcesBuildPhase;
			buildActionMask = 2147483647;
			files = (
				04A196CF1E1E6537005B347D /* MainInterface.storyboard in Resources */,
			);
			runOnlyForDeploymentPostprocessing = 0;
		};
/* End PBXResourcesBuildPhase section */

/* Begin PBXSourcesBuildPhase section */
		04A196A31E1E6516005B347D /* Sources */ = {
			isa = PBXSourcesBuildPhase;
			buildActionMask = 2147483647;
			files = (
				04A196B21E1E6516005B347D /* ViewController.m in Sources */,
				04A196AF1E1E6516005B347D /* AppDelegate.m in Sources */,
				04A196AC1E1E6516005B347D /* main.m in Sources */,
			);
			runOnlyForDeploymentPostprocessing = 0;
		};
		04A196C11E1E6536005B347D /* Sources */ = {
			isa = PBXSourcesBuildPhase;
			buildActionMask = 2147483647;
			files = (
				04A196DA1E1E66A4005B347D /* TodayViewController.m in Sources */,
			);
			runOnlyForDeploymentPostprocessing = 0;
		};
/* End PBXSourcesBuildPhase section */

/* Begin PBXTargetDependency section */
		04A196D21E1E6537005B347D /* PBXTargetDependency */ = {
			isa = PBXTargetDependency;
			target = 04A196C41E1E6536005B347D /* TodayExtension */;
			targetProxy = 04A196D11E1E6537005B347D /* PBXContainerItemProxy */;
		};
/* End PBXTargetDependency section */

/* Begin PBXVariantGroup section */
		04A196B31E1E6516005B347D /* Main.storyboard */ = {
			isa = PBXVariantGroup;
			children = (
				04A196B41E1E6516005B347D /* Base */,
			);
			name = Main.storyboard;
			sourceTree = "<group>";
		};
		04A196B81E1E6516005B347D /* LaunchScreen.storyboard */ = {
			isa = PBXVariantGroup;
			children = (
				04A196B91E1E6516005B347D /* Base */,
			);
			name = LaunchScreen.storyboard;
			sourceTree = "<group>";
		};
		04A196CD1E1E6537005B347D /* MainInterface.storyboard */ = {
			isa = PBXVariantGroup;
			children = (
				04A196CE1E1E6537005B347D /* Base */,
			);
			name = MainInterface.storyboard;
			sourceTree = "<group>";
		};
/* End PBXVariantGroup section */

/* Begin XCBuildConfiguration section */
		04A196BC1E1E6516005B347D /* Debug */ = {
			isa = XCBuildConfiguration;
			buildSettings = {
				ALWAYS_SEARCH_USER_PATHS = NO;
				CLANG_ANALYZER_NONNULL = YES;
				CLANG_CXX_LANGUAGE_STANDARD = "gnu++0x";
				CLANG_CXX_LIBRARY = "libc++";
				CLANG_ENABLE_MODULES = YES;
				CLANG_ENABLE_OBJC_ARC = YES;
				CLANG_WARN_BOOL_CONVERSION = YES;
				CLANG_WARN_CONSTANT_CONVERSION = YES;
				CLANG_WARN_DIRECT_OBJC_ISA_USAGE = YES_ERROR;
				CLANG_WARN_DOCUMENTATION_COMMENTS = YES;
				CLANG_WARN_EMPTY_BODY = YES;
				CLANG_WARN_ENUM_CONVERSION = YES;
				CLANG_WARN_INFINITE_RECURSION = YES;
				CLANG_WARN_INT_CONVERSION = YES;
				CLANG_WARN_OBJC_ROOT_CLASS = YES_ERROR;
				CLANG_WARN_SUSPICIOUS_MOVES = YES;
				CLANG_WARN_UNREACHABLE_CODE = YES;
				CLANG_WARN__DUPLICATE_METHOD_MATCH = YES;
				"CODE_SIGN_IDENTITY[sdk=iphoneos*]" = "iPhone Developer";
				COPY_PHASE_STRIP = NO;
				DEBUG_INFORMATION_FORMAT = dwarf;
				ENABLE_STRICT_OBJC_MSGSEND = YES;
				ENABLE_TESTABILITY = YES;
				GCC_C_LANGUAGE_STANDARD = gnu99;
				GCC_DYNAMIC_NO_PIC = NO;
				GCC_NO_COMMON_BLOCKS = YES;
				GCC_OPTIMIZATION_LEVEL = 0;
				GCC_PREPROCESSOR_DEFINITIONS = (
					"DEBUG=1",
					"$(inherited)",
				);
				GCC_WARN_64_TO_32_BIT_CONVERSION = YES;
				GCC_WARN_ABOUT_RETURN_TYPE = YES_ERROR;
				GCC_WARN_UNDECLARED_SELECTOR = YES;
				GCC_WARN_UNINITIALIZED_AUTOS = YES_AGGRESSIVE;
				GCC_WARN_UNUSED_FUNCTION = YES;
				GCC_WARN_UNUSED_VARIABLE = YES;
				IPHONEOS_DEPLOYMENT_TARGET = 10.1;
				MTL_ENABLE_DEBUG_INFO = YES;
				ONLY_ACTIVE_ARCH = YES;
				SDKROOT = iphoneos;
				TARGETED_DEVICE_FAMILY = "1,2";
			};
			name = Debug;
		};
		04A196BD1E1E6516005B347D /* Release */ = {
			isa = XCBuildConfiguration;
			buildSettings = {
				ALWAYS_SEARCH_USER_PATHS = NO;
				CLANG_ANALYZER_NONNULL = YES;
				CLANG_CXX_LANGUAGE_STANDARD = "gnu++0x";
				CLANG_CXX_LIBRARY = "libc++";
				CLANG_ENABLE_MODULES = YES;
				CLANG_ENABLE_OBJC_ARC = YES;
				CLANG_WARN_BOOL_CONVERSION = YES;
				CLANG_WARN_CONSTANT_CONVERSION = YES;
				CLANG_WARN_DIRECT_OBJC_ISA_USAGE = YES_ERROR;
				CLANG_WARN_DOCUMENTATION_COMMENTS = YES;
				CLANG_WARN_EMPTY_BODY = YES;
				CLANG_WARN_ENUM_CONVERSION = YES;
				CLANG_WARN_INFINITE_RECURSION = YES;
				CLANG_WARN_INT_CONVERSION = YES;
				CLANG_WARN_OBJC_ROOT_CLASS = YES_ERROR;
				CLANG_WARN_SUSPICIOUS_MOVES = YES;
				CLANG_WARN_UNREACHABLE_CODE = YES;
				CLANG_WARN__DUPLICATE_METHOD_MATCH = YES;
				"CODE_SIGN_IDENTITY[sdk=iphoneos*]" = "iPhone Developer";
				COPY_PHASE_STRIP = NO;
				DEBUG_INFORMATION_FORMAT = "dwarf-with-dsym";
				ENABLE_NS_ASSERTIONS = NO;
				ENABLE_STRICT_OBJC_MSGSEND = YES;
				GCC_C_LANGUAGE_STANDARD = gnu99;
				GCC_NO_COMMON_BLOCKS = YES;
				GCC_WARN_64_TO_32_BIT_CONVERSION = YES;
				GCC_WARN_ABOUT_RETURN_TYPE = YES_ERROR;
				GCC_WARN_UNDECLARED_SELECTOR = YES;
				GCC_WARN_UNINITIALIZED_AUTOS = YES_AGGRESSIVE;
				GCC_WARN_UNUSED_FUNCTION = YES;
				GCC_WARN_UNUSED_VARIABLE = YES;
				IPHONEOS_DEPLOYMENT_TARGET = 10.1;
				MTL_ENABLE_DEBUG_INFO = NO;
				SDKROOT = iphoneos;
				TARGETED_DEVICE_FAMILY = "1,2";
				VALIDATE_PRODUCT = YES;
			};
			name = Release;
		};
		04A196BF1E1E6516005B347D /* Debug */ = {
			isa = XCBuildConfiguration;
			buildSettings = {
				ASSETCATALOG_COMPILER_APPICON_NAME = AppIcon;
				INFOPLIST_FILE = TodayWidget/Info.plist;
				LD_RUNPATH_SEARCH_PATHS = "$(inherited) @executable_path/Frameworks";
				PRODUCT_BUNDLE_IDENTIFIER = isAdditive.TodayWidget;
				PRODUCT_NAME = "$(TARGET_NAME)";
			};
			name = Debug;
		};
		04A196C01E1E6516005B347D /* Release */ = {
			isa = XCBuildConfiguration;
			buildSettings = {
				ASSETCATALOG_COMPILER_APPICON_NAME = AppIcon;
				INFOPLIST_FILE = TodayWidget/Info.plist;
				LD_RUNPATH_SEARCH_PATHS = "$(inherited) @executable_path/Frameworks";
				PRODUCT_BUNDLE_IDENTIFIER = isAdditive.TodayWidget;
				PRODUCT_NAME = "$(TARGET_NAME)";
			};
			name = Release;
		};
		04A196D51E1E6537005B347D /* Debug */ = {
			isa = XCBuildConfiguration;
			buildSettings = {
				INFOPLIST_FILE = TodayExtension/Info.plist;
				LD_RUNPATH_SEARCH_PATHS = "$(inherited)";
				PRODUCT_BUNDLE_IDENTIFIER = isAdditive.TodayWidget.TodayExtension;
				PRODUCT_NAME = "$(TARGET_NAME)";
				SKIP_INSTALL = YES;
			};
			name = Debug;
		};
		04A196D61E1E6537005B347D /* Release */ = {
			isa = XCBuildConfiguration;
			buildSettings = {
				INFOPLIST_FILE = TodayExtension/Info.plist;
				LD_RUNPATH_SEARCH_PATHS = "$(inherited)";
				PRODUCT_BUNDLE_IDENTIFIER = isAdditive.TodayWidget.TodayExtension;
				PRODUCT_NAME = "$(TARGET_NAME)";
				SKIP_INSTALL = YES;
			};
			name = Release;
		};
/* End XCBuildConfiguration section */

/* Begin XCConfigurationList section */
		04A196A21E1E6516005B347D /* Build configuration list for PBXProject "TodayWidget" */ = {
			isa = XCConfigurationList;
			buildConfigurations = (
				04A196BC1E1E6516005B347D /* Debug */,
				04A196BD1E1E6516005B347D /* Release */,
			);
			defaultConfigurationIsVisible = 0;
			defaultConfigurationName = Release;
		};
		04A196BE1E1E6516005B347D /* Build configuration list for PBXNativeTarget "TodayWidget" */ = {
			isa = XCConfigurationList;
			buildConfigurations = (
				04A196BF1E1E6516005B347D /* Debug */,
				04A196C01E1E6516005B347D /* Release */,
			);
			defaultConfigurationIsVisible = 0;
		};
		04A196D41E1E6537005B347D /* Build configuration list for PBXNativeTarget "TodayExtension" */ = {
			isa = XCConfigurationList;
			buildConfigurations = (
				04A196D51E1E6537005B347D /* Debug */,
				04A196D61E1E6537005B347D /* Release */,
			);
			defaultConfigurationIsVisible = 0;
		};
/* End XCConfigurationList section */
	};
	rootObject = 04A1969F1E1E6516005B347D /* Project object */;
}
