// !$*UTF8*$!
{
	archiveVersion = 1;
	classes = {
	};
	objectVersion = 46;
	objects = {

/* Begin PBXBuildFile section */
		04AB8BE21DF5475E0010951D /* AppDelegate.swift in Sources */ = {isa = PBXBuildFile; fileRef = 04AB8BE11DF5475E0010951D /* AppDelegate.swift */; };
		04AB8BE41DF5475E0010951D /* ViewController.swift in Sources */ = {isa = PBXBuildFile; fileRef = 04AB8BE31DF5475E0010951D /* ViewController.swift */; };
		04AB8BE71DF5475E0010951D /* Main.storyboard in Resources */ = {isa = PBXBuildFile; fileRef = 04AB8BE51DF5475E0010951D /* Main.storyboard */; };
		04AB8BE91DF5475E0010951D /* Assets.xcassets in Resources */ = {isa = PBXBuildFile; fileRef = 04AB8BE81DF5475E0010951D /* Assets.xcassets */; };
		04AB8BEC1DF5475E0010951D /* LaunchScreen.storyboard in Resources */ = {isa = PBXBuildFile; fileRef = 04AB8BEA1DF5475E0010951D /* LaunchScreen.storyboard */; };
/* End PBXBuildFile section */

/* Begin PBXFileReference section */
		04AB8BDE1DF5475E0010951D /* WatchAppDemo.app */ = {isa = PBXFileReference; explicitFileType = wrapper.application; includeInIndex = 0; path = WatchAppDemo.app; sourceTree = BUILT_PRODUCTS_DIR; };
		04AB8BE11DF5475E0010951D /* AppDelegate.swift */ = {isa = PBXFileReference; lastKnownFileType = sourcecode.swift; path = AppDelegate.swift; sourceTree = "<group>"; };
		04AB8BE31DF5475E0010951D /* ViewController.swift */ = {isa = PBXFileReference; lastKnownFileType = sourcecode.swift; path = ViewController.swift; sourceTree = "<group>"; };
		04AB8BE61DF5475E0010951D /* Base */ = {isa = PBXFileReference; lastKnownFileType = file.storyboard; name = Base; path = Base.lproj/Main.storyboard; sourceTree = "<group>"; };
		04AB8BE81DF5475E0010951D /* Assets.xcassets */ = {isa = PBXFileReference; lastKnownFileType = folder.assetcatalog; path = Assets.xcassets; sourceTree = "<group>"; };
		04AB8BEB1DF5475E0010951D /* Base */ = {isa = PBXFileReference; lastKnownFileType = file.storyboard; name = Base; path = Base.lproj/LaunchScreen.storyboard; sourceTree = "<group>"; };
		04AB8BED1DF5475E0010951D /* Info.plist */ = {isa = PBXFileReference; lastKnownFileType = text.plist.xml; path = Info.plist; sourceTree = "<group>"; };
/* End PBXFileReference section */

/* Begin PBXFrameworksBuildPhase section */
		04AB8BDB1DF5475D0010951D /* Frameworks */ = {
			isa = PBXFrameworksBuildPhase;
			buildActionMask = 2147483647;
			files = (
			);
			runOnlyForDeploymentPostprocessing = 0;
		};
/* End PBXFrameworksBuildPhase section */

/* Begin PBXGroup section */
		04AB8BD51DF5475D0010951D = {
			isa = PBXGroup;
			children = (
				04AB8BE01DF5475E0010951D /* WatchAppDemo */,
				04AB8BDF1DF5475E0010951D /* Products */,
			);
			sourceTree = "<group>";
		};
		04AB8BDF1DF5475E0010951D /* Products */ = {
			isa = PBXGroup;
			children = (
				04AB8BDE1DF5475E0010951D /* WatchAppDemo.app */,
			);
			name = Products;
			sourceTree = "<group>";
		};
		04AB8BE01DF5475E0010951D /* WatchAppDemo */ = {
			isa = PBXGroup;
			children = (
				04AB8BE11DF5475E0010951D /* AppDelegate.swift */,
				04AB8BE31DF5475E0010951D /* ViewController.swift */,
				04AB8BE51DF5475E0010951D /* Main.storyboard */,
				04AB8BE81DF5475E0010951D /* Assets.xcassets */,
				04AB8BEA1DF5475E0010951D /* LaunchScreen.storyboard */,
				04AB8BED1DF5475E0010951D /* Info.plist */,
			);
			path = WatchAppDemo;
			sourceTree = "<group>";
		};
/* End PBXGroup section */

/* Begin PBXNativeTarget section */
		04AB8BDD1DF5475D0010951D /* WatchAppDemo */ = {
			isa = PBXNativeTarget;
			buildConfigurationList = 04AB8BF01DF5475E0010951D /* Build configuration list for PBXNativeTarget "WatchAppDemo" */;
			buildPhases = (
				04AB8BDA1DF5475D0010951D /* Sources */,
				04AB8BDB1DF5475D0010951D /* Frameworks */,
				04AB8BDC1DF5475D0010951D /* Resources */,
			);
			buildRules = (
			);
			dependencies = (
			);
			name = WatchAppDemo;
			productName = WatchAppDemo;
			productReference = 04AB8BDE1DF5475E0010951D /* WatchAppDemo.app */;
			productType = "com.apple.product-type.application";
		};
/* End PBXNativeTarget section */

/* Begin PBXProject section */
		04AB8BD61DF5475D0010951D /* Project object */ = {
			isa = PBXProject;
			attributes = {
				LastSwiftUpdateCheck = 0810;
				LastUpgradeCheck = 0810;
				ORGANIZATIONNAME = com.demoapp;
				TargetAttributes = {
					04AB8BDD1DF5475D0010951D = {
						CreatedOnToolsVersion = 8.1;
						ProvisioningStyle = Automatic;
					};
				};
			};
			buildConfigurationList = 04AB8BD91DF5475D0010951D /* Build configuration list for PBXProject "WatchAppDemo" */;
			compatibilityVersion = "Xcode 3.2";
			developmentRegion = English;
			hasScannedForEncodings = 0;
			knownRegions = (
				en,
				Base,
			);
			mainGroup = 04AB8BD51DF5475D0010951D;
			productRefGroup = 04AB8BDF1DF5475E0010951D /* Products */;
			projectDirPath = "";
			projectRoot = "";
			targets = (
				04AB8BDD1DF5475D0010951D /* WatchAppDemo */,
			);
		};
/* End PBXProject section */

/* Begin PBXResourcesBuildPhase section */
		04AB8BDC1DF5475D0010951D /* Resources */ = {
			isa = PBXResourcesBuildPhase;
			buildActionMask = 2147483647;
			files = (
				04AB8BEC1DF5475E0010951D /* LaunchScreen.storyboard in Resources */,
				04AB8BE91DF5475E0010951D /* Assets.xcassets in Resources */,
				04AB8BE71DF5475E0010951D /* Main.storyboard in Resources */,
			);
			runOnlyForDeploymentPostprocessing = 0;
		};
/* End PBXResourcesBuildPhase section */

/* Begin PBXSourcesBuildPhase section */
		04AB8BDA1DF5475D0010951D /* Sources */ = {
			isa = PBXSourcesBuildPhase;
			buildActionMask = 2147483647;
			files = (
				04AB8BE41DF5475E0010951D /* ViewController.swift in Sources */,
				04AB8BE21DF5475E0010951D /* AppDelegate.swift in Sources */,
			);
			runOnlyForDeploymentPostprocessing = 0;
		};
/* End PBXSourcesBuildPhase section */

/* Begin PBXVariantGroup section */
		04AB8BE51DF5475E0010951D /* Main.storyboard */ = {
			isa = PBXVariantGroup;
			children = (
				04AB8BE61DF5475E0010951D /* Base */,
			);
			name = Main.storyboard;
			sourceTree = "<group>";
		};
		04AB8BEA1DF5475E0010951D /* LaunchScreen.storyboard */ = {
			isa = PBXVariantGroup;
			children = (
				04AB8BEB1DF5475E0010951D /* Base */,
			);
			name = LaunchScreen.storyboard;
			sourceTree = "<group>";
		};
/* End PBXVariantGroup section */

/* Begin XCBuildConfiguration section */
		04AB8BEE1DF5475E0010951D /* Debug */ = {
			isa = XCBuildConfiguration;
			buildSettings = {
				ALWAYS_SEARCH_USER_PATHS = NO;
				CLANG_ANALYZER_NONNULL = YES;
				CLANG_CXX_LANGUAGE_STANDARD = "gnu++0x";
				CLANG_CXX_LIBRARY = "libc++";
				CLANG_ENABLE_MODULES = YES;
				CLANG_ENABLE_OBJC_ARC = YES;
				CLANG_WARN_BOOL_CONVERSION = YES;
				CLANG_WARN_CONSTANT_CONVERSION = YES;
				CLANG_WARN_DIRECT_OBJC_ISA_USAGE = YES_ERROR;
				CLANG_WARN_DOCUMENTATION_COMMENTS = YES;
				CLANG_WARN_EMPTY_BODY = YES;
				CLANG_WARN_ENUM_CONVERSION = YES;
				CLANG_WARN_INFINITE_RECURSION = YES;
				CLANG_WARN_INT_CONVERSION = YES;
				CLANG_WARN_OBJC_ROOT_CLASS = YES_ERROR;
				CLANG_WARN_SUSPICIOUS_MOVES = YES;
				CLANG_WARN_UNREACHABLE_CODE = YES;
				CLANG_WARN__DUPLICATE_METHOD_MATCH = YES;
				"CODE_SIGN_IDENTITY[sdk=iphoneos*]" = "iPhone Developer";
				COPY_PHASE_STRIP = NO;
				DEBUG_INFORMATION_FORMAT = dwarf;
				ENABLE_STRICT_OBJC_MSGSEND = YES;
				ENABLE_TESTABILITY = YES;
				GCC_C_LANGUAGE_STANDARD = gnu99;
				GCC_DYNAMIC_NO_PIC = NO;
				GCC_NO_COMMON_BLOCKS = YES;
				GCC_OPTIMIZATION_LEVEL = 0;
				GCC_PREPROCESSOR_DEFINITIONS = (
					"DEBUG=1",
					"$(inherited)",
				);
				GCC_WARN_64_TO_32_BIT_CONVERSION = YES;
				GCC_WARN_ABOUT_RETURN_TYPE = YES_ERROR;
				GCC_WARN_UNDECLARED_SELECTOR = YES;
				GCC_WARN_UNINITIALIZED_AUTOS = YES_AGGRESSIVE;
				GCC_WARN_UNUSED_FUNCTION = YES;
				GCC_WARN_UNUSED_VARIABLE = YES;
				IPHONEOS_DEPLOYMENT_TARGET = 10.1;
				MTL_ENABLE_DEBUG_INFO = YES;
				ONLY_ACTIVE_ARCH = YES;
				SDKROOT = iphoneos;
				SWIFT_ACTIVE_COMPILATION_CONDITIONS = DEBUG;
				SWIFT_OPTIMIZATION_LEVEL = "-Onone";
				TARGETED_DEVICE_FAMILY = "1,2";
			};
			name = Debug;
		};
		04AB8BEF1DF5475E0010951D /* Release */ = {
			isa = XCBuildConfiguration;
			buildSettings = {
				ALWAYS_SEARCH_USER_PATHS = NO;
				CLANG_ANALYZER_NONNULL = YES;
				CLANG_CXX_LANGUAGE_STANDARD = "gnu++0x";
				CLANG_CXX_LIBRARY = "libc++";
				CLANG_ENABLE_MODULES = YES;
				CLANG_ENABLE_OBJC_ARC = YES;
				CLANG_WARN_BOOL_CONVERSION = YES;
				CLANG_WARN_CONSTANT_CONVERSION = YES;
				CLANG_WARN_DIRECT_OBJC_ISA_USAGE = YES_ERROR;
				CLANG_WARN_DOCUMENTATION_COMMENTS = YES;
				CLANG_WARN_EMPTY_BODY = YES;
				CLANG_WARN_ENUM_CONVERSION = YES;
				CLANG_WARN_INFINITE_RECURSION = YES;
				CLANG_WARN_INT_CONVERSION = YES;
				CLANG_WARN_OBJC_ROOT_CLASS = YES_ERROR;
				CLANG_WARN_SUSPICIOUS_MOVES = YES;
				CLANG_WARN_UNREACHABLE_CODE = YES;
				CLANG_WARN__DUPLICATE_METHOD_MATCH = YES;
				"CODE_SIGN_IDENTITY[sdk=iphoneos*]" = "iPhone Developer";
				COPY_PHASE_STRIP = NO;
				DEBUG_INFORMATION_FORMAT = "dwarf-with-dsym";
				ENABLE_NS_ASSERTIONS = NO;
				ENABLE_STRICT_OBJC_MSGSEND = YES;
				GCC_C_LANGUAGE_STANDARD = gnu99;
				GCC_NO_COMMON_BLOCKS = YES;
				GCC_WARN_64_TO_32_BIT_CONVERSION = YES;
				GCC_WARN_ABOUT_RETURN_TYPE = YES_ERROR;
				GCC_WARN_UNDECLARED_SELECTOR = YES;
				GCC_WARN_UNINITIALIZED_AUTOS = YES_AGGRESSIVE;
				GCC_WARN_UNUSED_FUNCTION = YES;
				GCC_WARN_UNUSED_VARIABLE = YES;
				IPHONEOS_DEPLOYMENT_TARGET = 10.1;
				MTL_ENABLE_DEBUG_INFO = NO;
				SDKROOT = iphoneos;
				SWIFT_OPTIMIZATION_LEVEL = "-Owholemodule";
				TARGETED_DEVICE_FAMILY = "1,2";
				VALIDATE_PRODUCT = YES;
			};
			name = Release;
		};
		04AB8BF11DF5475E0010951D /* Debug */ = {
			isa = XCBuildConfiguration;
			buildSettings = {
				ASSETCATALOG_COMPILER_APPICON_NAME = AppIcon;
				INFOPLIST_FILE = WatchAppDemo/Info.plist;
				LD_RUNPATH_SEARCH_PATHS = "$(inherited) @executable_path/Frameworks";
				PRODUCT_BUNDLE_IDENTIFIER = Notification.WatchAppDemo;
				PRODUCT_NAME = "$(TARGET_NAME)";
				SWIFT_VERSION = 3.0;
			};
			name = Debug;
		};
		04AB8BF21DF5475E0010951D /* Release */ = {
			isa = XCBuildConfiguration;
			buildSettings = {
				ASSETCATALOG_COMPILER_APPICON_NAME = AppIcon;
				INFOPLIST_FILE = WatchAppDemo/Info.plist;
				LD_RUNPATH_SEARCH_PATHS = "$(inherited) @executable_path/Frameworks";
				PRODUCT_BUNDLE_IDENTIFIER = Notification.WatchAppDemo;
				PRODUCT_NAME = "$(TARGET_NAME)";
				SWIFT_VERSION = 3.0;
			};
			name = Release;
		};
/* End XCBuildConfiguration section */

/* Begin XCConfigurationList section */
		04AB8BD91DF5475D0010951D /* Build configuration list for PBXProject "WatchAppDemo" */ = {
			isa = XCConfigurationList;
			buildConfigurations = (
				04AB8BEE1DF5475E0010951D /* Debug */,
				04AB8BEF1DF5475E0010951D /* Release */,
			);
			defaultConfigurationIsVisible = 0;
			defaultConfigurationName = Release;
		};
		04AB8BF01DF5475E0010951D /* Build configuration list for PBXNativeTarget "WatchAppDemo" */ = {
			isa = XCConfigurationList;
			buildConfigurations = (
				04AB8BF11DF5475E0010951D /* Debug */,
				04AB8BF21DF5475E0010951D /* Release */,
			);
			defaultConfigurationIsVisible = 0;
		};
/* End XCConfigurationList section */
	};
	rootObject = 04AB8BD61DF5475D0010951D /* Project object */;
}
