// !$*UTF8*$!
{
	archiveVersion = 1;
	classes = {
	};
	objectVersion = 46;
	objects = {

/* Begin PBXBuildFile section */
		049B10DC1E07DEB9005AE56D /* AppDelegate.swift in Sources */ = {isa = PBXBuildFile; fileRef = 049B10DB1E07DEB9005AE56D /* AppDelegate.swift */; };
		049B10DE1E07DEB9005AE56D /* ViewController.swift in Sources */ = {isa = PBXBuildFile; fileRef = 049B10DD1E07DEB9005AE56D /* ViewController.swift */; };
		049B10E11E07DEB9005AE56D /* Main.storyboard in Resources */ = {isa = PBXBuildFile; fileRef = 049B10DF1E07DEB9005AE56D /* Main.storyboard */; };
		049B10E31E07DEB9005AE56D /* Assets.xcassets in Resources */ = {isa = PBXBuildFile; fileRef = 049B10E21E07DEB9005AE56D /* Assets.xcassets */; };
		049B10E61E07DEB9005AE56D /* LaunchScreen.storyboard in Resources */ = {isa = PBXBuildFile; fileRef = 049B10E41E07DEB9005AE56D /* LaunchScreen.storyboard */; };
		049B10EE1E07DEEB005AE56D /* ghost.png in Resources */ = {isa = PBXBuildFile; fileRef = 049B10ED1E07DEEB005AE56D /* ghost.png */; };
		049B10F01E07DF4B005AE56D /* background.jpg in Resources */ = {isa = PBXBuildFile; fileRef = 049B10EF1E07DF4B005AE56D /* background.jpg */; };
		04A8C63C1E0816DD00D90612 /* ImageProcessing.swift in Sources */ = {isa = PBXBuildFile; fileRef = 04A8C63B1E0816DD00D90612 /* ImageProcessing.swift */; };
/* End PBXBuildFile section */

/* Begin PBXFileReference section */
		049B10D81E07DEB9005AE56D /* ImageProcessing.app */ = {isa = PBXFileReference; explicitFileType = wrapper.application; includeInIndex = 0; path = ImageProcessing.app; sourceTree = BUILT_PRODUCTS_DIR; };
		049B10DB1E07DEB9005AE56D /* AppDelegate.swift */ = {isa = PBXFileReference; lastKnownFileType = sourcecode.swift; path = AppDelegate.swift; sourceTree = "<group>"; };
		049B10DD1E07DEB9005AE56D /* ViewController.swift */ = {isa = PBXFileReference; lastKnownFileType = sourcecode.swift; path = ViewController.swift; sourceTree = "<group>"; };
		049B10E01E07DEB9005AE56D /* Base */ = {isa = PBXFileReference; lastKnownFileType = file.storyboard; name = Base; path = Base.lproj/Main.storyboard; sourceTree = "<group>"; };
		049B10E21E07DEB9005AE56D /* Assets.xcassets */ = {isa = PBXFileReference; lastKnownFileType = folder.assetcatalog; path = Assets.xcassets; sourceTree = "<group>"; };
		049B10E51E07DEB9005AE56D /* Base */ = {isa = PBXFileReference; lastKnownFileType = file.storyboard; name = Base; path = Base.lproj/LaunchScreen.storyboard; sourceTree = "<group>"; };
		049B10E71E07DEB9005AE56D /* Info.plist */ = {isa = PBXFileReference; lastKnownFileType = text.plist.xml; path = Info.plist; sourceTree = "<group>"; };
		049B10ED1E07DEEB005AE56D /* ghost.png */ = {isa = PBXFileReference; lastKnownFileType = image.png; path = ghost.png; sourceTree = "<group>"; };
		049B10EF1E07DF4B005AE56D /* background.jpg */ = {isa = PBXFileReference; lastKnownFileType = image.jpeg; path = background.jpg; sourceTree = "<group>"; };
		04A8C63B1E0816DD00D90612 /* ImageProcessing.swift */ = {isa = PBXFileReference; fileEncoding = 4; lastKnownFileType = sourcecode.swift; path = ImageProcessing.swift; sourceTree = SOURCE_ROOT; };
/* End PBXFileReference section */

/* Begin PBXFrameworksBuildPhase section */
		049B10D51E07DEB9005AE56D /* Frameworks */ = {
			isa = PBXFrameworksBuildPhase;
			buildActionMask = 2147483647;
			files = (
			);
			runOnlyForDeploymentPostprocessing = 0;
		};
/* End PBXFrameworksBuildPhase section */

/* Begin PBXGroup section */
		049B10CF1E07DEB9005AE56D = {
			isa = PBXGroup;
			children = (
				049B10DA1E07DEB9005AE56D /* ImageProcessing */,
				049B10D91E07DEB9005AE56D /* Products */,
			);
			sourceTree = "<group>";
		};
		049B10D91E07DEB9005AE56D /* Products */ = {
			isa = PBXGroup;
			children = (
				049B10D81E07DEB9005AE56D /* ImageProcessing.app */,
			);
			name = Products;
			sourceTree = "<group>";
		};
		049B10DA1E07DEB9005AE56D /* ImageProcessing */ = {
			isa = PBXGroup;
			children = (
				04A8C63B1E0816DD00D90612 /* ImageProcessing.swift */,
				049B10DB1E07DEB9005AE56D /* AppDelegate.swift */,
				049B10DD1E07DEB9005AE56D /* ViewController.swift */,
				049B10ED1E07DEEB005AE56D /* ghost.png */,
				049B10EF1E07DF4B005AE56D /* background.jpg */,
				049B10DF1E07DEB9005AE56D /* Main.storyboard */,
				049B10E21E07DEB9005AE56D /* Assets.xcassets */,
				049B10E41E07DEB9005AE56D /* LaunchScreen.storyboard */,
				049B10E71E07DEB9005AE56D /* Info.plist */,
			);
			path = ImageProcessing;
			sourceTree = "<group>";
		};
/* End PBXGroup section */

/* Begin PBXNativeTarget section */
		049B10D71E07DEB9005AE56D /* ImageProcessing */ = {
			isa = PBXNativeTarget;
			buildConfigurationList = 049B10EA1E07DEB9005AE56D /* Build configuration list for PBXNativeTarget "ImageProcessing" */;
			buildPhases = (
				049B10D41E07DEB9005AE56D /* Sources */,
				049B10D51E07DEB9005AE56D /* Frameworks */,
				049B10D61E07DEB9005AE56D /* Resources */,
			);
			buildRules = (
			);
			dependencies = (
			);
			name = ImageProcessing;
			productName = ImageProcessing;
			productReference = 049B10D81E07DEB9005AE56D /* ImageProcessing.app */;
			productType = "com.apple.product-type.application";
		};
/* End PBXNativeTarget section */

/* Begin PBXProject section */
		049B10D01E07DEB9005AE56D /* Project object */ = {
			isa = PBXProject;
			attributes = {
				LastSwiftUpdateCheck = 0810;
				LastUpgradeCheck = 0810;
				ORGANIZATIONNAME = "com. ImageProcessing";
				TargetAttributes = {
					049B10D71E07DEB9005AE56D = {
						CreatedOnToolsVersion = 8.1;
						ProvisioningStyle = Automatic;
					};
				};
			};
			buildConfigurationList = 049B10D31E07DEB9005AE56D /* Build configuration list for PBXProject "ImageProcessing" */;
			compatibilityVersion = "Xcode 3.2";
			developmentRegion = English;
			hasScannedForEncodings = 0;
			knownRegions = (
				en,
				Base,
			);
			mainGroup = 049B10CF1E07DEB9005AE56D;
			productRefGroup = 049B10D91E07DEB9005AE56D /* Products */;
			projectDirPath = "";
			projectRoot = "";
			targets = (
				049B10D71E07DEB9005AE56D /* ImageProcessing */,
			);
		};
/* End PBXProject section */

/* Begin PBXResourcesBuildPhase section */
		049B10D61E07DEB9005AE56D /* Resources */ = {
			isa = PBXResourcesBuildPhase;
			buildActionMask = 2147483647;
			files = (
				049B10E61E07DEB9005AE56D /* LaunchScreen.storyboard in Resources */,
				049B10F01E07DF4B005AE56D /* background.jpg in Resources */,
				049B10EE1E07DEEB005AE56D /* ghost.png in Resources */,
				049B10E31E07DEB9005AE56D /* Assets.xcassets in Resources */,
				049B10E11E07DEB9005AE56D /* Main.storyboard in Resources */,
			);
			runOnlyForDeploymentPostprocessing = 0;
		};
/* End PBXResourcesBuildPhase section */

/* Begin PBXSourcesBuildPhase section */
		049B10D41E07DEB9005AE56D /* Sources */ = {
			isa = PBXSourcesBuildPhase;
			buildActionMask = 2147483647;
			files = (
				049B10DE1E07DEB9005AE56D /* ViewController.swift in Sources */,
				049B10DC1E07DEB9005AE56D /* AppDelegate.swift in Sources */,
				04A8C63C1E0816DD00D90612 /* ImageProcessing.swift in Sources */,
			);
			runOnlyForDeploymentPostprocessing = 0;
		};
/* End PBXSourcesBuildPhase section */

/* Begin PBXVariantGroup section */
		049B10DF1E07DEB9005AE56D /* Main.storyboard */ = {
			isa = PBXVariantGroup;
			children = (
				049B10E01E07DEB9005AE56D /* Base */,
			);
			name = Main.storyboard;
			sourceTree = "<group>";
		};
		049B10E41E07DEB9005AE56D /* LaunchScreen.storyboard */ = {
			isa = PBXVariantGroup;
			children = (
				049B10E51E07DEB9005AE56D /* Base */,
			);
			name = LaunchScreen.storyboard;
			sourceTree = "<group>";
		};
/* End PBXVariantGroup section */

/* Begin XCBuildConfiguration section */
		049B10E81E07DEB9005AE56D /* Debug */ = {
			isa = XCBuildConfiguration;
			buildSettings = {
				ALWAYS_SEARCH_USER_PATHS = NO;
				CLANG_ANALYZER_NONNULL = YES;
				CLANG_CXX_LANGUAGE_STANDARD = "gnu++0x";
				CLANG_CXX_LIBRARY = "libc++";
				CLANG_ENABLE_MODULES = YES;
				CLANG_ENABLE_OBJC_ARC = YES;
				CLANG_WARN_BOOL_CONVERSION = YES;
				CLANG_WARN_CONSTANT_CONVERSION = YES;
				CLANG_WARN_DIRECT_OBJC_ISA_USAGE = YES_ERROR;
				CLANG_WARN_DOCUMENTATION_COMMENTS = YES;
				CLANG_WARN_EMPTY_BODY = YES;
				CLANG_WARN_ENUM_CONVERSION = YES;
				CLANG_WARN_INFINITE_RECURSION = YES;
				CLANG_WARN_INT_CONVERSION = YES;
				CLANG_WARN_OBJC_ROOT_CLASS = YES_ERROR;
				CLANG_WARN_SUSPICIOUS_MOVES = YES;
				CLANG_WARN_UNREACHABLE_CODE = YES;
				CLANG_WARN__DUPLICATE_METHOD_MATCH = YES;
				"CODE_SIGN_IDENTITY[sdk=iphoneos*]" = "iPhone Developer";
				COPY_PHASE_STRIP = NO;
				DEBUG_INFORMATION_FORMAT = dwarf;
				ENABLE_STRICT_OBJC_MSGSEND = YES;
				ENABLE_TESTABILITY = YES;
				GCC_C_LANGUAGE_STANDARD = gnu99;
				GCC_DYNAMIC_NO_PIC = NO;
				GCC_NO_COMMON_BLOCKS = YES;
				GCC_OPTIMIZATION_LEVEL = 0;
				GCC_PREPROCESSOR_DEFINITIONS = (
					"DEBUG=1",
					"$(inherited)",
				);
				GCC_WARN_64_TO_32_BIT_CONVERSION = YES;
				GCC_WARN_ABOUT_RETURN_TYPE = YES_ERROR;
				GCC_WARN_UNDECLARED_SELECTOR = YES;
				GCC_WARN_UNINITIALIZED_AUTOS = YES_AGGRESSIVE;
				GCC_WARN_UNUSED_FUNCTION = YES;
				GCC_WARN_UNUSED_VARIABLE = YES;
				IPHONEOS_DEPLOYMENT_TARGET = 10.1;
				MTL_ENABLE_DEBUG_INFO = YES;
				ONLY_ACTIVE_ARCH = YES;
				SDKROOT = iphoneos;
				SWIFT_ACTIVE_COMPILATION_CONDITIONS = DEBUG;
				SWIFT_OPTIMIZATION_LEVEL = "-Onone";
				TARGETED_DEVICE_FAMILY = "1,2";
			};
			name = Debug;
		};
		049B10E91E07DEB9005AE56D /* Release */ = {
			isa = XCBuildConfiguration;
			buildSettings = {
				ALWAYS_SEARCH_USER_PATHS = NO;
				CLANG_ANALYZER_NONNULL = YES;
				CLANG_CXX_LANGUAGE_STANDARD = "gnu++0x";
				CLANG_CXX_LIBRARY = "libc++";
				CLANG_ENABLE_MODULES = YES;
				CLANG_ENABLE_OBJC_ARC = YES;
				CLANG_WARN_BOOL_CONVERSION = YES;
				CLANG_WARN_CONSTANT_CONVERSION = YES;
				CLANG_WARN_DIRECT_OBJC_ISA_USAGE = YES_ERROR;
				CLANG_WARN_DOCUMENTATION_COMMENTS = YES;
				CLANG_WARN_EMPTY_BODY = YES;
				CLANG_WARN_ENUM_CONVERSION = YES;
				CLANG_WARN_INFINITE_RECURSION = YES;
				CLANG_WARN_INT_CONVERSION = YES;
				CLANG_WARN_OBJC_ROOT_CLASS = YES_ERROR;
				CLANG_WARN_SUSPICIOUS_MOVES = YES;
				CLANG_WARN_UNREACHABLE_CODE = YES;
				CLANG_WARN__DUPLICATE_METHOD_MATCH = YES;
				"CODE_SIGN_IDENTITY[sdk=iphoneos*]" = "iPhone Developer";
				COPY_PHASE_STRIP = NO;
				DEBUG_INFORMATION_FORMAT = "dwarf-with-dsym";
				ENABLE_NS_ASSERTIONS = NO;
				ENABLE_STRICT_OBJC_MSGSEND = YES;
				GCC_C_LANGUAGE_STANDARD = gnu99;
				GCC_NO_COMMON_BLOCKS = YES;
				GCC_WARN_64_TO_32_BIT_CONVERSION = YES;
				GCC_WARN_ABOUT_RETURN_TYPE = YES_ERROR;
				GCC_WARN_UNDECLARED_SELECTOR = YES;
				GCC_WARN_UNINITIALIZED_AUTOS = YES_AGGRESSIVE;
				GCC_WARN_UNUSED_FUNCTION = YES;
				GCC_WARN_UNUSED_VARIABLE = YES;
				IPHONEOS_DEPLOYMENT_TARGET = 10.1;
				MTL_ENABLE_DEBUG_INFO = NO;
				SDKROOT = iphoneos;
				SWIFT_OPTIMIZATION_LEVEL = "-Owholemodule";
				TARGETED_DEVICE_FAMILY = "1,2";
				VALIDATE_PRODUCT = YES;
			};
			name = Release;
		};
		049B10EB1E07DEB9005AE56D /* Debug */ = {
			isa = XCBuildConfiguration;
			buildSettings = {
				ASSETCATALOG_COMPILER_APPICON_NAME = AppIcon;
				INFOPLIST_FILE = ImageProcessing/Info.plist;
				LD_RUNPATH_SEARCH_PATHS = "$(inherited) @executable_path/Frameworks";
				PRODUCT_BUNDLE_IDENTIFIER = ImageProcessing.ImageProcessing;
				PRODUCT_NAME = "$(TARGET_NAME)";
				SWIFT_VERSION = 3.0;
			};
			name = Debug;
		};
		049B10EC1E07DEB9005AE56D /* Release */ = {
			isa = XCBuildConfiguration;
			buildSettings = {
				ASSETCATALOG_COMPILER_APPICON_NAME = AppIcon;
				INFOPLIST_FILE = ImageProcessing/Info.plist;
				LD_RUNPATH_SEARCH_PATHS = "$(inherited) @executable_path/Frameworks";
				PRODUCT_BUNDLE_IDENTIFIER = ImageProcessing.ImageProcessing;
				PRODUCT_NAME = "$(TARGET_NAME)";
				SWIFT_VERSION = 3.0;
			};
			name = Release;
		};
/* End XCBuildConfiguration section */

/* Begin XCConfigurationList section */
		049B10D31E07DEB9005AE56D /* Build configuration list for PBXProject "ImageProcessing" */ = {
			isa = XCConfigurationList;
			buildConfigurations = (
				049B10E81E07DEB9005AE56D /* Debug */,
				049B10E91E07DEB9005AE56D /* Release */,
			);
			defaultConfigurationIsVisible = 0;
			defaultConfigurationName = Release;
		};
		049B10EA1E07DEB9005AE56D /* Build configuration list for PBXNativeTarget "ImageProcessing" */ = {
			isa = XCConfigurationList;
			buildConfigurations = (
				049B10EB1E07DEB9005AE56D /* Debug */,
				049B10EC1E07DEB9005AE56D /* Release */,
			);
			defaultConfigurationIsVisible = 0;
			defaultConfigurationName = Release;
		};
/* End XCConfigurationList section */
	};
	rootObject = 049B10D01E07DEB9005AE56D /* Project object */;
}
