// !$*UTF8*$!
{
	archiveVersion = 1;
	classes = {
	};
	objectVersion = 46;
	objects = {

/* Begin PBXBuildFile section */
		046FF86D1DEDB62C00261C3C /* AppDelegate.swift in Sources */ = {isa = PBXBuildFile; fileRef = 046FF86C1DEDB62C00261C3C /* AppDelegate.swift */; };
		046FF86F1DEDB62C00261C3C /* ViewController.swift in Sources */ = {isa = PBXBuildFile; fileRef = 046FF86E1DEDB62C00261C3C /* ViewController.swift */; };
		046FF8721DEDB62C00261C3C /* Main.storyboard in Resources */ = {isa = PBXBuildFile; fileRef = 046FF8701DEDB62C00261C3C /* Main.storyboard */; };
		046FF8741DEDB62C00261C3C /* Assets.xcassets in Resources */ = {isa = PBXBuildFile; fileRef = 046FF8731DEDB62C00261C3C /* Assets.xcassets */; };
		046FF8771DEDB62C00261C3C /* LaunchScreen.storyboard in Resources */ = {isa = PBXBuildFile; fileRef = 046FF8751DEDB62C00261C3C /* LaunchScreen.storyboard */; };
		046FF8841DEDB64500261C3C /* Interface.storyboard in Resources */ = {isa = PBXBuildFile; fileRef = 046FF8821DEDB64500261C3C /* Interface.storyboard */; };
		046FF8861DEDB64500261C3C /* Assets.xcassets in Resources */ = {isa = PBXBuildFile; fileRef = 046FF8851DEDB64500261C3C /* Assets.xcassets */; };
		046FF88D1DEDB64600261C3C /* WatchApp Extension.appex in Embed App Extensions */ = {isa = PBXBuildFile; fileRef = 046FF88C1DEDB64500261C3C /* WatchApp Extension.appex */; settings = {ATTRIBUTES = (RemoveHeadersOnCopy, ); }; };
		046FF8941DEDB64600261C3C /* InterfaceController.swift in Sources */ = {isa = PBXBuildFile; fileRef = 046FF8931DEDB64600261C3C /* InterfaceController.swift */; };
		046FF8961DEDB64600261C3C /* ExtensionDelegate.swift in Sources */ = {isa = PBXBuildFile; fileRef = 046FF8951DEDB64600261C3C /* ExtensionDelegate.swift */; };
		046FF8981DEDB64600261C3C /* NotificationController.swift in Sources */ = {isa = PBXBuildFile; fileRef = 046FF8971DEDB64600261C3C /* NotificationController.swift */; };
		046FF89A1DEDB64600261C3C /* Assets.xcassets in Resources */ = {isa = PBXBuildFile; fileRef = 046FF8991DEDB64600261C3C /* Assets.xcassets */; };
		046FF89E1DEDB64600261C3C /* WatchApp.app in Embed Watch Content */ = {isa = PBXBuildFile; fileRef = 046FF8801DEDB64500261C3C /* WatchApp.app */; };
/* End PBXBuildFile section */

/* Begin PBXContainerItemProxy section */
		046FF88E1DEDB64600261C3C /* PBXContainerItemProxy */ = {
			isa = PBXContainerItemProxy;
			containerPortal = 046FF8611DEDB62B00261C3C /* Project object */;
			proxyType = 1;
			remoteGlobalIDString = 046FF88B1DEDB64500261C3C;
			remoteInfo = "WatchApp Extension";
		};
		046FF89C1DEDB64600261C3C /* PBXContainerItemProxy */ = {
			isa = PBXContainerItemProxy;
			containerPortal = 046FF8611DEDB62B00261C3C /* Project object */;
			proxyType = 1;
			remoteGlobalIDString = 046FF87F1DEDB64500261C3C;
			remoteInfo = WatchApp;
		};
/* End PBXContainerItemProxy section */

/* Begin PBXCopyFilesBuildPhase section */
		046FF8A21DEDB64600261C3C /* Embed App Extensions */ = {
			isa = PBXCopyFilesBuildPhase;
			buildActionMask = 2147483647;
			dstPath = "";
			dstSubfolderSpec = 13;
			files = (
				046FF88D1DEDB64600261C3C /* WatchApp Extension.appex in Embed App Extensions */,
			);
			name = "Embed App Extensions";
			runOnlyForDeploymentPostprocessing = 0;
		};
		046FF8A61DEDB64600261C3C /* Embed Watch Content */ = {
			isa = PBXCopyFilesBuildPhase;
			buildActionMask = 2147483647;
			dstPath = "$(CONTENTS_FOLDER_PATH)/Watch";
			dstSubfolderSpec = 16;
			files = (
				046FF89E1DEDB64600261C3C /* WatchApp.app in Embed Watch Content */,
			);
			name = "Embed Watch Content";
			runOnlyForDeploymentPostprocessing = 0;
		};
/* End PBXCopyFilesBuildPhase section */

/* Begin PBXFileReference section */
		046FF8691DEDB62C00261C3C /* WatchKit_Handoff.app */ = {isa = PBXFileReference; explicitFileType = wrapper.application; includeInIndex = 0; path = WatchKit_Handoff.app; sourceTree = BUILT_PRODUCTS_DIR; };
		046FF86C1DEDB62C00261C3C /* AppDelegate.swift */ = {isa = PBXFileReference; lastKnownFileType = sourcecode.swift; path = AppDelegate.swift; sourceTree = "<group>"; };
		046FF86E1DEDB62C00261C3C /* ViewController.swift */ = {isa = PBXFileReference; lastKnownFileType = sourcecode.swift; path = ViewController.swift; sourceTree = "<group>"; };
		046FF8711DEDB62C00261C3C /* Base */ = {isa = PBXFileReference; lastKnownFileType = file.storyboard; name = Base; path = Base.lproj/Main.storyboard; sourceTree = "<group>"; };
		046FF8731DEDB62C00261C3C /* Assets.xcassets */ = {isa = PBXFileReference; lastKnownFileType = folder.assetcatalog; path = Assets.xcassets; sourceTree = "<group>"; };
		046FF8761DEDB62C00261C3C /* Base */ = {isa = PBXFileReference; lastKnownFileType = file.storyboard; name = Base; path = Base.lproj/LaunchScreen.storyboard; sourceTree = "<group>"; };
		046FF8781DEDB62C00261C3C /* Info.plist */ = {isa = PBXFileReference; lastKnownFileType = text.plist.xml; path = Info.plist; sourceTree = "<group>"; };
		046FF8801DEDB64500261C3C /* WatchApp.app */ = {isa = PBXFileReference; explicitFileType = wrapper.application; includeInIndex = 0; path = WatchApp.app; sourceTree = BUILT_PRODUCTS_DIR; };
		046FF8831DEDB64500261C3C /* Base */ = {isa = PBXFileReference; lastKnownFileType = file.storyboard; name = Base; path = Base.lproj/Interface.storyboard; sourceTree = "<group>"; };
		046FF8851DEDB64500261C3C /* Assets.xcassets */ = {isa = PBXFileReference; lastKnownFileType = folder.assetcatalog; path = Assets.xcassets; sourceTree = "<group>"; };
		046FF8871DEDB64500261C3C /* Info.plist */ = {isa = PBXFileReference; lastKnownFileType = text.plist.xml; path = Info.plist; sourceTree = "<group>"; };
		046FF88C1DEDB64500261C3C /* WatchApp Extension.appex */ = {isa = PBXFileReference; explicitFileType = "wrapper.app-extension"; includeInIndex = 0; path = "WatchApp Extension.appex"; sourceTree = BUILT_PRODUCTS_DIR; };
		046FF8921DEDB64600261C3C /* PushNotificationPayload.apns */ = {isa = PBXFileReference; lastKnownFileType = text; path = PushNotificationPayload.apns; sourceTree = "<group>"; };
		046FF8931DEDB64600261C3C /* InterfaceController.swift */ = {isa = PBXFileReference; lastKnownFileType = sourcecode.swift; path = InterfaceController.swift; sourceTree = "<group>"; };
		046FF8951DEDB64600261C3C /* ExtensionDelegate.swift */ = {isa = PBXFileReference; lastKnownFileType = sourcecode.swift; path = ExtensionDelegate.swift; sourceTree = "<group>"; };
		046FF8971DEDB64600261C3C /* NotificationController.swift */ = {isa = PBXFileReference; lastKnownFileType = sourcecode.swift; path = NotificationController.swift; sourceTree = "<group>"; };
		046FF8991DEDB64600261C3C /* Assets.xcassets */ = {isa = PBXFileReference; lastKnownFileType = folder.assetcatalog; path = Assets.xcassets; sourceTree = "<group>"; };
		046FF89B1DEDB64600261C3C /* Info.plist */ = {isa = PBXFileReference; lastKnownFileType = text.plist.xml; path = Info.plist; sourceTree = "<group>"; };
/* End PBXFileReference section */

/* Begin PBXFrameworksBuildPhase section */
		046FF8661DEDB62C00261C3C /* Frameworks */ = {
			isa = PBXFrameworksBuildPhase;
			buildActionMask = 2147483647;
			files = (
			);
			runOnlyForDeploymentPostprocessing = 0;
		};
		046FF8891DEDB64500261C3C /* Frameworks */ = {
			isa = PBXFrameworksBuildPhase;
			buildActionMask = 2147483647;
			files = (
			);
			runOnlyForDeploymentPostprocessing = 0;
		};
/* End PBXFrameworksBuildPhase section */

/* Begin PBXGroup section */
		046FF8601DEDB62B00261C3C = {
			isa = PBXGroup;
			children = (
				046FF86B1DEDB62C00261C3C /* WatchKit_Handoff */,
				046FF8811DEDB64500261C3C /* WatchApp */,
				046FF8901DEDB64600261C3C /* WatchApp Extension */,
				046FF86A1DEDB62C00261C3C /* Products */,
			);
			sourceTree = "<group>";
		};
		046FF86A1DEDB62C00261C3C /* Products */ = {
			isa = PBXGroup;
			children = (
				046FF8691DEDB62C00261C3C /* WatchKit_Handoff.app */,
				046FF8801DEDB64500261C3C /* WatchApp.app */,
				046FF88C1DEDB64500261C3C /* WatchApp Extension.appex */,
			);
			name = Products;
			sourceTree = "<group>";
		};
		046FF86B1DEDB62C00261C3C /* WatchKit_Handoff */ = {
			isa = PBXGroup;
			children = (
				046FF86C1DEDB62C00261C3C /* AppDelegate.swift */,
				046FF86E1DEDB62C00261C3C /* ViewController.swift */,
				046FF8701DEDB62C00261C3C /* Main.storyboard */,
				046FF8731DEDB62C00261C3C /* Assets.xcassets */,
				046FF8751DEDB62C00261C3C /* LaunchScreen.storyboard */,
				046FF8781DEDB62C00261C3C /* Info.plist */,
			);
			path = WatchKit_Handoff;
			sourceTree = "<group>";
		};
		046FF8811DEDB64500261C3C /* WatchApp */ = {
			isa = PBXGroup;
			children = (
				046FF8821DEDB64500261C3C /* Interface.storyboard */,
				046FF8851DEDB64500261C3C /* Assets.xcassets */,
				046FF8871DEDB64500261C3C /* Info.plist */,
			);
			path = WatchApp;
			sourceTree = "<group>";
		};
		046FF8901DEDB64600261C3C /* WatchApp Extension */ = {
			isa = PBXGroup;
			children = (
				046FF8931DEDB64600261C3C /* InterfaceController.swift */,
				046FF8951DEDB64600261C3C /* ExtensionDelegate.swift */,
				046FF8971DEDB64600261C3C /* NotificationController.swift */,
				046FF8991DEDB64600261C3C /* Assets.xcassets */,
				046FF89B1DEDB64600261C3C /* Info.plist */,
				046FF8911DEDB64600261C3C /* Supporting Files */,
			);
			path = "WatchApp Extension";
			sourceTree = "<group>";
		};
		046FF8911DEDB64600261C3C /* Supporting Files */ = {
			isa = PBXGroup;
			children = (
				046FF8921DEDB64600261C3C /* PushNotificationPayload.apns */,
			);
			name = "Supporting Files";
			sourceTree = "<group>";
		};
/* End PBXGroup section */

/* Begin PBXNativeTarget section */
		046FF8681DEDB62C00261C3C /* WatchKit_Handoff */ = {
			isa = PBXNativeTarget;
			buildConfigurationList = 046FF87B1DEDB62C00261C3C /* Build configuration list for PBXNativeTarget "WatchKit_Handoff" */;
			buildPhases = (
				046FF8651DEDB62C00261C3C /* Sources */,
				046FF8661DEDB62C00261C3C /* Frameworks */,
				046FF8671DEDB62C00261C3C /* Resources */,
				046FF8A61DEDB64600261C3C /* Embed Watch Content */,
			);
			buildRules = (
			);
			dependencies = (
				046FF89D1DEDB64600261C3C /* PBXTargetDependency */,
			);
			name = WatchKit_Handoff;
			productName = WatchKit_Handoff;
			productReference = 046FF8691DEDB62C00261C3C /* WatchKit_Handoff.app */;
			productType = "com.apple.product-type.application";
		};
		046FF87F1DEDB64500261C3C /* WatchApp */ = {
			isa = PBXNativeTarget;
			buildConfigurationList = 046FF8A31DEDB64600261C3C /* Build configuration list for PBXNativeTarget "WatchApp" */;
			buildPhases = (
				046FF87E1DEDB64500261C3C /* Resources */,
				046FF8A21DEDB64600261C3C /* Embed App Extensions */,
			);
			buildRules = (
			);
			dependencies = (
				046FF88F1DEDB64600261C3C /* PBXTargetDependency */,
			);
			name = WatchApp;
			productName = WatchApp;
			productReference = 046FF8801DEDB64500261C3C /* WatchApp.app */;
			productType = "com.apple.product-type.application.watchapp2";
		};
		046FF88B1DEDB64500261C3C /* WatchApp Extension */ = {
			isa = PBXNativeTarget;
			buildConfigurationList = 046FF89F1DEDB64600261C3C /* Build configuration list for PBXNativeTarget "WatchApp Extension" */;
			buildPhases = (
				046FF8881DEDB64500261C3C /* Sources */,
				046FF8891DEDB64500261C3C /* Frameworks */,
				046FF88A1DEDB64500261C3C /* Resources */,
			);
			buildRules = (
			);
			dependencies = (
			);
			name = "WatchApp Extension";
			productName = "WatchApp Extension";
			productReference = 046FF88C1DEDB64500261C3C /* WatchApp Extension.appex */;
			productType = "com.apple.product-type.watchkit2-extension";
		};
/* End PBXNativeTarget section */

/* Begin PBXProject section */
		046FF8611DEDB62B00261C3C /* Project object */ = {
			isa = PBXProject;
			attributes = {
				LastSwiftUpdateCheck = 0810;
				LastUpgradeCheck = 0810;
				ORGANIZATIONNAME = WATCHOS.COM;
				TargetAttributes = {
					046FF8681DEDB62C00261C3C = {
						CreatedOnToolsVersion = 8.1;
						ProvisioningStyle = Automatic;
					};
					046FF87F1DEDB64500261C3C = {
						CreatedOnToolsVersion = 8.1;
						ProvisioningStyle = Automatic;
					};
					046FF88B1DEDB64500261C3C = {
						CreatedOnToolsVersion = 8.1;
						ProvisioningStyle = Automatic;
					};
				};
			};
			buildConfigurationList = 046FF8641DEDB62B00261C3C /* Build configuration list for PBXProject "WatchKit_Handoff" */;
			compatibilityVersion = "Xcode 3.2";
			developmentRegion = English;
			hasScannedForEncodings = 0;
			knownRegions = (
				en,
				Base,
			);
			mainGroup = 046FF8601DEDB62B00261C3C;
			productRefGroup = 046FF86A1DEDB62C00261C3C /* Products */;
			projectDirPath = "";
			projectRoot = "";
			targets = (
				046FF8681DEDB62C00261C3C /* WatchKit_Handoff */,
				046FF87F1DEDB64500261C3C /* WatchApp */,
				046FF88B1DEDB64500261C3C /* WatchApp Extension */,
			);
		};
/* End PBXProject section */

/* Begin PBXResourcesBuildPhase section */
		046FF8671DEDB62C00261C3C /* Resources */ = {
			isa = PBXResourcesBuildPhase;
			buildActionMask = 2147483647;
			files = (
				046FF8771DEDB62C00261C3C /* LaunchScreen.storyboard in Resources */,
				046FF8741DEDB62C00261C3C /* Assets.xcassets in Resources */,
				046FF8721DEDB62C00261C3C /* Main.storyboard in Resources */,
			);
			runOnlyForDeploymentPostprocessing = 0;
		};
		046FF87E1DEDB64500261C3C /* Resources */ = {
			isa = PBXResourcesBuildPhase;
			buildActionMask = 2147483647;
			files = (
				046FF8861DEDB64500261C3C /* Assets.xcassets in Resources */,
				046FF8841DEDB64500261C3C /* Interface.storyboard in Resources */,
			);
			runOnlyForDeploymentPostprocessing = 0;
		};
		046FF88A1DEDB64500261C3C /* Resources */ = {
			isa = PBXResourcesBuildPhase;
			buildActionMask = 2147483647;
			files = (
				046FF89A1DEDB64600261C3C /* Assets.xcassets in Resources */,
			);
			runOnlyForDeploymentPostprocessing = 0;
		};
/* End PBXResourcesBuildPhase section */

/* Begin PBXSourcesBuildPhase section */
		046FF8651DEDB62C00261C3C /* Sources */ = {
			isa = PBXSourcesBuildPhase;
			buildActionMask = 2147483647;
			files = (
				046FF86F1DEDB62C00261C3C /* ViewController.swift in Sources */,
				046FF86D1DEDB62C00261C3C /* AppDelegate.swift in Sources */,
			);
			runOnlyForDeploymentPostprocessing = 0;
		};
		046FF8881DEDB64500261C3C /* Sources */ = {
			isa = PBXSourcesBuildPhase;
			buildActionMask = 2147483647;
			files = (
				046FF8981DEDB64600261C3C /* NotificationController.swift in Sources */,
				046FF8961DEDB64600261C3C /* ExtensionDelegate.swift in Sources */,
				046FF8941DEDB64600261C3C /* InterfaceController.swift in Sources */,
			);
			runOnlyForDeploymentPostprocessing = 0;
		};
/* End PBXSourcesBuildPhase section */

/* Begin PBXTargetDependency section */
		046FF88F1DEDB64600261C3C /* PBXTargetDependency */ = {
			isa = PBXTargetDependency;
			target = 046FF88B1DEDB64500261C3C /* WatchApp Extension */;
			targetProxy = 046FF88E1DEDB64600261C3C /* PBXContainerItemProxy */;
		};
		046FF89D1DEDB64600261C3C /* PBXTargetDependency */ = {
			isa = PBXTargetDependency;
			target = 046FF87F1DEDB64500261C3C /* WatchApp */;
			targetProxy = 046FF89C1DEDB64600261C3C /* PBXContainerItemProxy */;
		};
/* End PBXTargetDependency section */

/* Begin PBXVariantGroup section */
		046FF8701DEDB62C00261C3C /* Main.storyboard */ = {
			isa = PBXVariantGroup;
			children = (
				046FF8711DEDB62C00261C3C /* Base */,
			);
			name = Main.storyboard;
			sourceTree = "<group>";
		};
		046FF8751DEDB62C00261C3C /* LaunchScreen.storyboard */ = {
			isa = PBXVariantGroup;
			children = (
				046FF8761DEDB62C00261C3C /* Base */,
			);
			name = LaunchScreen.storyboard;
			sourceTree = "<group>";
		};
		046FF8821DEDB64500261C3C /* Interface.storyboard */ = {
			isa = PBXVariantGroup;
			children = (
				046FF8831DEDB64500261C3C /* Base */,
			);
			name = Interface.storyboard;
			sourceTree = "<group>";
		};
/* End PBXVariantGroup section */

/* Begin XCBuildConfiguration section */
		046FF8791DEDB62C00261C3C /* Debug */ = {
			isa = XCBuildConfiguration;
			buildSettings = {
				ALWAYS_SEARCH_USER_PATHS = NO;
				CLANG_ANALYZER_NONNULL = YES;
				CLANG_CXX_LANGUAGE_STANDARD = "gnu++0x";
				CLANG_CXX_LIBRARY = "libc++";
				CLANG_ENABLE_MODULES = YES;
				CLANG_ENABLE_OBJC_ARC = YES;
				CLANG_WARN_BOOL_CONVERSION = YES;
				CLANG_WARN_CONSTANT_CONVERSION = YES;
				CLANG_WARN_DIRECT_OBJC_ISA_USAGE = YES_ERROR;
				CLANG_WARN_DOCUMENTATION_COMMENTS = YES;
				CLANG_WARN_EMPTY_BODY = YES;
				CLANG_WARN_ENUM_CONVERSION = YES;
				CLANG_WARN_INFINITE_RECURSION = YES;
				CLANG_WARN_INT_CONVERSION = YES;
				CLANG_WARN_OBJC_ROOT_CLASS = YES_ERROR;
				CLANG_WARN_SUSPICIOUS_MOVES = YES;
				CLANG_WARN_UNREACHABLE_CODE = YES;
				CLANG_WARN__DUPLICATE_METHOD_MATCH = YES;
				"CODE_SIGN_IDENTITY[sdk=iphoneos*]" = "iPhone Developer";
				COPY_PHASE_STRIP = NO;
				DEBUG_INFORMATION_FORMAT = dwarf;
				ENABLE_STRICT_OBJC_MSGSEND = YES;
				ENABLE_TESTABILITY = YES;
				GCC_C_LANGUAGE_STANDARD = gnu99;
				GCC_DYNAMIC_NO_PIC = NO;
				GCC_NO_COMMON_BLOCKS = YES;
				GCC_OPTIMIZATION_LEVEL = 0;
				GCC_PREPROCESSOR_DEFINITIONS = (
					"DEBUG=1",
					"$(inherited)",
				);
				GCC_WARN_64_TO_32_BIT_CONVERSION = YES;
				GCC_WARN_ABOUT_RETURN_TYPE = YES_ERROR;
				GCC_WARN_UNDECLARED_SELECTOR = YES;
				GCC_WARN_UNINITIALIZED_AUTOS = YES_AGGRESSIVE;
				GCC_WARN_UNUSED_FUNCTION = YES;
				GCC_WARN_UNUSED_VARIABLE = YES;
				IPHONEOS_DEPLOYMENT_TARGET = 10.0;
				MTL_ENABLE_DEBUG_INFO = YES;
				ONLY_ACTIVE_ARCH = YES;
				SDKROOT = iphoneos;
				SWIFT_ACTIVE_COMPILATION_CONDITIONS = DEBUG;
				SWIFT_OPTIMIZATION_LEVEL = "-Onone";
				TARGETED_DEVICE_FAMILY = "1,2";
			};
			name = Debug;
		};
		046FF87A1DEDB62C00261C3C /* Release */ = {
			isa = XCBuildConfiguration;
			buildSettings = {
				ALWAYS_SEARCH_USER_PATHS = NO;
				CLANG_ANALYZER_NONNULL = YES;
				CLANG_CXX_LANGUAGE_STANDARD = "gnu++0x";
				CLANG_CXX_LIBRARY = "libc++";
				CLANG_ENABLE_MODULES = YES;
				CLANG_ENABLE_OBJC_ARC = YES;
				CLANG_WARN_BOOL_CONVERSION = YES;
				CLANG_WARN_CONSTANT_CONVERSION = YES;
				CLANG_WARN_DIRECT_OBJC_ISA_USAGE = YES_ERROR;
				CLANG_WARN_DOCUMENTATION_COMMENTS = YES;
				CLANG_WARN_EMPTY_BODY = YES;
				CLANG_WARN_ENUM_CONVERSION = YES;
				CLANG_WARN_INFINITE_RECURSION = YES;
				CLANG_WARN_INT_CONVERSION = YES;
				CLANG_WARN_OBJC_ROOT_CLASS = YES_ERROR;
				CLANG_WARN_SUSPICIOUS_MOVES = YES;
				CLANG_WARN_UNREACHABLE_CODE = YES;
				CLANG_WARN__DUPLICATE_METHOD_MATCH = YES;
				"CODE_SIGN_IDENTITY[sdk=iphoneos*]" = "iPhone Developer";
				COPY_PHASE_STRIP = NO;
				DEBUG_INFORMATION_FORMAT = "dwarf-with-dsym";
				ENABLE_NS_ASSERTIONS = NO;
				ENABLE_STRICT_OBJC_MSGSEND = YES;
				GCC_C_LANGUAGE_STANDARD = gnu99;
				GCC_NO_COMMON_BLOCKS = YES;
				GCC_WARN_64_TO_32_BIT_CONVERSION = YES;
				GCC_WARN_ABOUT_RETURN_TYPE = YES_ERROR;
				GCC_WARN_UNDECLARED_SELECTOR = YES;
				GCC_WARN_UNINITIALIZED_AUTOS = YES_AGGRESSIVE;
				GCC_WARN_UNUSED_FUNCTION = YES;
				GCC_WARN_UNUSED_VARIABLE = YES;
				IPHONEOS_DEPLOYMENT_TARGET = 10.0;
				MTL_ENABLE_DEBUG_INFO = NO;
				SDKROOT = iphoneos;
				SWIFT_OPTIMIZATION_LEVEL = "-Owholemodule";
				TARGETED_DEVICE_FAMILY = "1,2";
				VALIDATE_PRODUCT = YES;
			};
			name = Release;
		};
		046FF87C1DEDB62C00261C3C /* Debug */ = {
			isa = XCBuildConfiguration;
			buildSettings = {
				ASSETCATALOG_COMPILER_APPICON_NAME = AppIcon;
				DEVELOPMENT_TEAM = "";
				INFOPLIST_FILE = WatchKit_Handoff/Info.plist;
				LD_RUNPATH_SEARCH_PATHS = "$(inherited) @executable_path/Frameworks";
				PRODUCT_BUNDLE_IDENTIFIER = "Notification.WatchKit-Handoff";
				PRODUCT_NAME = "$(TARGET_NAME)";
				SWIFT_VERSION = 3.0;
			};
			name = Debug;
		};
		046FF87D1DEDB62C00261C3C /* Release */ = {
			isa = XCBuildConfiguration;
			buildSettings = {
				ASSETCATALOG_COMPILER_APPICON_NAME = AppIcon;
				DEVELOPMENT_TEAM = "";
				INFOPLIST_FILE = WatchKit_Handoff/Info.plist;
				LD_RUNPATH_SEARCH_PATHS = "$(inherited) @executable_path/Frameworks";
				PRODUCT_BUNDLE_IDENTIFIER = "Notification.WatchKit-Handoff";
				PRODUCT_NAME = "$(TARGET_NAME)";
				SWIFT_VERSION = 3.0;
			};
			name = Release;
		};
		046FF8A01DEDB64600261C3C /* Debug */ = {
			isa = XCBuildConfiguration;
			buildSettings = {
				ASSETCATALOG_COMPILER_COMPLICATION_NAME = Complication;
				INFOPLIST_FILE = "WatchApp Extension/Info.plist";
				LD_RUNPATH_SEARCH_PATHS = "$(inherited) @executable_path/Frameworks @executable_path/../../Frameworks";
				PRODUCT_BUNDLE_IDENTIFIER = "Notification.WatchKit-Handoff.watchkitapp.watchkitextension";
				PRODUCT_NAME = "${TARGET_NAME}";
				SDKROOT = watchos;
				SKIP_INSTALL = YES;
				SWIFT_VERSION = 3.0;
				TARGETED_DEVICE_FAMILY = 4;
				WATCHOS_DEPLOYMENT_TARGET = 3.1;
			};
			name = Debug;
		};
		046FF8A11DEDB64600261C3C /* Release */ = {
			isa = XCBuildConfiguration;
			buildSettings = {
				ASSETCATALOG_COMPILER_COMPLICATION_NAME = Complication;
				INFOPLIST_FILE = "WatchApp Extension/Info.plist";
				LD_RUNPATH_SEARCH_PATHS = "$(inherited) @executable_path/Frameworks @executable_path/../../Frameworks";
				PRODUCT_BUNDLE_IDENTIFIER = "Notification.WatchKit-Handoff.watchkitapp.watchkitextension";
				PRODUCT_NAME = "${TARGET_NAME}";
				SDKROOT = watchos;
				SKIP_INSTALL = YES;
				SWIFT_VERSION = 3.0;
				TARGETED_DEVICE_FAMILY = 4;
				WATCHOS_DEPLOYMENT_TARGET = 3.1;
			};
			name = Release;
		};
		046FF8A41DEDB64600261C3C /* Debug */ = {
			isa = XCBuildConfiguration;
			buildSettings = {
				ALWAYS_EMBED_SWIFT_STANDARD_LIBRARIES = YES;
				ASSETCATALOG_COMPILER_APPICON_NAME = AppIcon;
				IBSC_MODULE = WatchApp_Extension;
				INFOPLIST_FILE = WatchApp/Info.plist;
				PRODUCT_BUNDLE_IDENTIFIER = "Notification.WatchKit-Handoff.watchkitapp";
				PRODUCT_NAME = "$(TARGET_NAME)";
				SDKROOT = watchos;
				SKIP_INSTALL = YES;
				SWIFT_VERSION = 3.0;
				TARGETED_DEVICE_FAMILY = 4;
				WATCHOS_DEPLOYMENT_TARGET = 3.1;
			};
			name = Debug;
		};
		046FF8A51DEDB64600261C3C /* Release */ = {
			isa = XCBuildConfiguration;
			buildSettings = {
				ALWAYS_EMBED_SWIFT_STANDARD_LIBRARIES = YES;
				ASSETCATALOG_COMPILER_APPICON_NAME = AppIcon;
				IBSC_MODULE = WatchApp_Extension;
				INFOPLIST_FILE = WatchApp/Info.plist;
				PRODUCT_BUNDLE_IDENTIFIER = "Notification.WatchKit-Handoff.watchkitapp";
				PRODUCT_NAME = "$(TARGET_NAME)";
				SDKROOT = watchos;
				SKIP_INSTALL = YES;
				SWIFT_VERSION = 3.0;
				TARGETED_DEVICE_FAMILY = 4;
				WATCHOS_DEPLOYMENT_TARGET = 3.1;
			};
			name = Release;
		};
/* End XCBuildConfiguration section */

/* Begin XCConfigurationList section */
		046FF8641DEDB62B00261C3C /* Build configuration list for PBXProject "WatchKit_Handoff" */ = {
			isa = XCConfigurationList;
			buildConfigurations = (
				046FF8791DEDB62C00261C3C /* Debug */,
				046FF87A1DEDB62C00261C3C /* Release */,
			);
			defaultConfigurationIsVisible = 0;
			defaultConfigurationName = Release;
		};
		046FF87B1DEDB62C00261C3C /* Build configuration list for PBXNativeTarget "WatchKit_Handoff" */ = {
			isa = XCConfigurationList;
			buildConfigurations = (
				046FF87C1DEDB62C00261C3C /* Debug */,
				046FF87D1DEDB62C00261C3C /* Release */,
			);
			defaultConfigurationIsVisible = 0;
			defaultConfigurationName = Release;
		};
		046FF89F1DEDB64600261C3C /* Build configuration list for PBXNativeTarget "WatchApp Extension" */ = {
			isa = XCConfigurationList;
			buildConfigurations = (
				046FF8A01DEDB64600261C3C /* Debug */,
				046FF8A11DEDB64600261C3C /* Release */,
			);
			defaultConfigurationIsVisible = 0;
			defaultConfigurationName = Release;
		};
		046FF8A31DEDB64600261C3C /* Build configuration list for PBXNativeTarget "WatchApp" */ = {
			isa = XCConfigurationList;
			buildConfigurations = (
				046FF8A41DEDB64600261C3C /* Debug */,
				046FF8A51DEDB64600261C3C /* Release */,
			);
			defaultConfigurationIsVisible = 0;
			defaultConfigurationName = Release;
		};
/* End XCConfigurationList section */
	};
	rootObject = 046FF8611DEDB62B00261C3C /* Project object */;
}
