// !$*UTF8*$!
{
	archiveVersion = 1;
	classes = {
	};
	objectVersion = 46;
	objects = {

/* Begin PBXBuildFile section */
		04A390981E2F39B0005A8188 /* AppDelegate.swift in Sources */ = {isa = PBXBuildFile; fileRef = 04A390971E2F39B0005A8188 /* AppDelegate.swift */; };
		04A3909A1E2F39B0005A8188 /* ViewController.swift in Sources */ = {isa = PBXBuildFile; fileRef = 04A390991E2F39B0005A8188 /* ViewController.swift */; };
		04A3909D1E2F39B1005A8188 /* Main.storyboard in Resources */ = {isa = PBXBuildFile; fileRef = 04A3909B1E2F39B1005A8188 /* Main.storyboard */; };
		04A3909F1E2F39B1005A8188 /* Assets.xcassets in Resources */ = {isa = PBXBuildFile; fileRef = 04A3909E1E2F39B1005A8188 /* Assets.xcassets */; };
		04A390A21E2F39B1005A8188 /* LaunchScreen.storyboard in Resources */ = {isa = PBXBuildFile; fileRef = 04A390A01E2F39B1005A8188 /* LaunchScreen.storyboard */; };
		04A390AA1E2F3A05005A8188 /* CustomView.xib in Resources */ = {isa = PBXBuildFile; fileRef = 04A390A91E2F3A05005A8188 /* CustomView.xib */; };
		04A390AD1E2F3A73005A8188 /* CustomView.swift in Sources */ = {isa = PBXBuildFile; fileRef = 04A390AC1E2F3A73005A8188 /* CustomView.swift */; };
/* End PBXBuildFile section */

/* Begin PBXFileReference section */
		04A390941E2F39B0005A8188 /* CustomViewFromXIB.app */ = {isa = PBXFileReference; explicitFileType = wrapper.application; includeInIndex = 0; path = CustomViewFromXIB.app; sourceTree = BUILT_PRODUCTS_DIR; };
		04A390971E2F39B0005A8188 /* AppDelegate.swift */ = {isa = PBXFileReference; lastKnownFileType = sourcecode.swift; path = AppDelegate.swift; sourceTree = "<group>"; };
		04A390991E2F39B0005A8188 /* ViewController.swift */ = {isa = PBXFileReference; lastKnownFileType = sourcecode.swift; path = ViewController.swift; sourceTree = "<group>"; };
		04A3909C1E2F39B1005A8188 /* Base */ = {isa = PBXFileReference; lastKnownFileType = file.storyboard; name = Base; path = Base.lproj/Main.storyboard; sourceTree = "<group>"; };
		04A3909E1E2F39B1005A8188 /* Assets.xcassets */ = {isa = PBXFileReference; lastKnownFileType = folder.assetcatalog; path = Assets.xcassets; sourceTree = "<group>"; };
		04A390A11E2F39B1005A8188 /* Base */ = {isa = PBXFileReference; lastKnownFileType = file.storyboard; name = Base; path = Base.lproj/LaunchScreen.storyboard; sourceTree = "<group>"; };
		04A390A31E2F39B1005A8188 /* Info.plist */ = {isa = PBXFileReference; lastKnownFileType = text.plist.xml; path = Info.plist; sourceTree = "<group>"; };
		04A390A91E2F3A05005A8188 /* CustomView.xib */ = {isa = PBXFileReference; fileEncoding = 4; lastKnownFileType = file.xib; path = CustomView.xib; sourceTree = "<group>"; };
		04A390AC1E2F3A73005A8188 /* CustomView.swift */ = {isa = PBXFileReference; fileEncoding = 4; lastKnownFileType = sourcecode.swift; path = CustomView.swift; sourceTree = "<group>"; };
/* End PBXFileReference section */

/* Begin PBXFrameworksBuildPhase section */
		04A390911E2F39B0005A8188 /* Frameworks */ = {
			isa = PBXFrameworksBuildPhase;
			buildActionMask = 2147483647;
			files = (
			);
			runOnlyForDeploymentPostprocessing = 0;
		};
/* End PBXFrameworksBuildPhase section */

/* Begin PBXGroup section */
		04A3908B1E2F39AF005A8188 = {
			isa = PBXGroup;
			children = (
				04A390961E2F39B0005A8188 /* CustomViewFromXIB */,
				04A390951E2F39B0005A8188 /* Products */,
			);
			sourceTree = "<group>";
		};
		04A390951E2F39B0005A8188 /* Products */ = {
			isa = PBXGroup;
			children = (
				04A390941E2F39B0005A8188 /* CustomViewFromXIB.app */,
			);
			name = Products;
			sourceTree = "<group>";
		};
		04A390961E2F39B0005A8188 /* CustomViewFromXIB */ = {
			isa = PBXGroup;
			children = (
				04A390AB1E2F3A47005A8188 /* CustomView */,
				04A390971E2F39B0005A8188 /* AppDelegate.swift */,
				04A390991E2F39B0005A8188 /* ViewController.swift */,
				04A3909B1E2F39B1005A8188 /* Main.storyboard */,
				04A3909E1E2F39B1005A8188 /* Assets.xcassets */,
				04A390A01E2F39B1005A8188 /* LaunchScreen.storyboard */,
				04A390A31E2F39B1005A8188 /* Info.plist */,
			);
			path = CustomViewFromXIB;
			sourceTree = "<group>";
		};
		04A390AB1E2F3A47005A8188 /* CustomView */ = {
			isa = PBXGroup;
			children = (
				04A390A91E2F3A05005A8188 /* CustomView.xib */,
				04A390AC1E2F3A73005A8188 /* CustomView.swift */,
			);
			name = CustomView;
			sourceTree = "<group>";
		};
/* End PBXGroup section */

/* Begin PBXNativeTarget section */
		04A390931E2F39B0005A8188 /* CustomViewFromXIB */ = {
			isa = PBXNativeTarget;
			buildConfigurationList = 04A390A61E2F39B1005A8188 /* Build configuration list for PBXNativeTarget "CustomViewFromXIB" */;
			buildPhases = (
				04A390901E2F39B0005A8188 /* Sources */,
				04A390911E2F39B0005A8188 /* Frameworks */,
				04A390921E2F39B0005A8188 /* Resources */,
			);
			buildRules = (
			);
			dependencies = (
			);
			name = CustomViewFromXIB;
			productName = CustomViewFromXIB;
			productReference = 04A390941E2F39B0005A8188 /* CustomViewFromXIB.app */;
			productType = "com.apple.product-type.application";
		};
/* End PBXNativeTarget section */

/* Begin PBXProject section */
		04A3908C1E2F39AF005A8188 /* Project object */ = {
			isa = PBXProject;
			attributes = {
				LastSwiftUpdateCheck = 0810;
				LastUpgradeCheck = 0810;
				ORGANIZATIONNAME = "com. CustomViewFromXIB";
				TargetAttributes = {
					04A390931E2F39B0005A8188 = {
						CreatedOnToolsVersion = 8.1;
						ProvisioningStyle = Automatic;
					};
				};
			};
			buildConfigurationList = 04A3908F1E2F39AF005A8188 /* Build configuration list for PBXProject "CustomViewFromXIB" */;
			compatibilityVersion = "Xcode 3.2";
			developmentRegion = English;
			hasScannedForEncodings = 0;
			knownRegions = (
				en,
				Base,
			);
			mainGroup = 04A3908B1E2F39AF005A8188;
			productRefGroup = 04A390951E2F39B0005A8188 /* Products */;
			projectDirPath = "";
			projectRoot = "";
			targets = (
				04A390931E2F39B0005A8188 /* CustomViewFromXIB */,
			);
		};
/* End PBXProject section */

/* Begin PBXResourcesBuildPhase section */
		04A390921E2F39B0005A8188 /* Resources */ = {
			isa = PBXResourcesBuildPhase;
			buildActionMask = 2147483647;
			files = (
				04A390A21E2F39B1005A8188 /* LaunchScreen.storyboard in Resources */,
				04A390AA1E2F3A05005A8188 /* CustomView.xib in Resources */,
				04A3909F1E2F39B1005A8188 /* Assets.xcassets in Resources */,
				04A3909D1E2F39B1005A8188 /* Main.storyboard in Resources */,
			);
			runOnlyForDeploymentPostprocessing = 0;
		};
/* End PBXResourcesBuildPhase section */

/* Begin PBXSourcesBuildPhase section */
		04A390901E2F39B0005A8188 /* Sources */ = {
			isa = PBXSourcesBuildPhase;
			buildActionMask = 2147483647;
			files = (
				04A390AD1E2F3A73005A8188 /* CustomView.swift in Sources */,
				04A3909A1E2F39B0005A8188 /* ViewController.swift in Sources */,
				04A390981E2F39B0005A8188 /* AppDelegate.swift in Sources */,
			);
			runOnlyForDeploymentPostprocessing = 0;
		};
/* End PBXSourcesBuildPhase section */

/* Begin PBXVariantGroup section */
		04A3909B1E2F39B1005A8188 /* Main.storyboard */ = {
			isa = PBXVariantGroup;
			children = (
				04A3909C1E2F39B1005A8188 /* Base */,
			);
			name = Main.storyboard;
			sourceTree = "<group>";
		};
		04A390A01E2F39B1005A8188 /* LaunchScreen.storyboard */ = {
			isa = PBXVariantGroup;
			children = (
				04A390A11E2F39B1005A8188 /* Base */,
			);
			name = LaunchScreen.storyboard;
			sourceTree = "<group>";
		};
/* End PBXVariantGroup section */

/* Begin XCBuildConfiguration section */
		04A390A41E2F39B1005A8188 /* Debug */ = {
			isa = XCBuildConfiguration;
			buildSettings = {
				ALWAYS_SEARCH_USER_PATHS = NO;
				CLANG_ANALYZER_NONNULL = YES;
				CLANG_CXX_LANGUAGE_STANDARD = "gnu++0x";
				CLANG_CXX_LIBRARY = "libc++";
				CLANG_ENABLE_MODULES = YES;
				CLANG_ENABLE_OBJC_ARC = YES;
				CLANG_WARN_BOOL_CONVERSION = YES;
				CLANG_WARN_CONSTANT_CONVERSION = YES;
				CLANG_WARN_DIRECT_OBJC_ISA_USAGE = YES_ERROR;
				CLANG_WARN_DOCUMENTATION_COMMENTS = YES;
				CLANG_WARN_EMPTY_BODY = YES;
				CLANG_WARN_ENUM_CONVERSION = YES;
				CLANG_WARN_INFINITE_RECURSION = YES;
				CLANG_WARN_INT_CONVERSION = YES;
				CLANG_WARN_OBJC_ROOT_CLASS = YES_ERROR;
				CLANG_WARN_SUSPICIOUS_MOVES = YES;
				CLANG_WARN_UNREACHABLE_CODE = YES;
				CLANG_WARN__DUPLICATE_METHOD_MATCH = YES;
				"CODE_SIGN_IDENTITY[sdk=iphoneos*]" = "iPhone Developer";
				COPY_PHASE_STRIP = NO;
				DEBUG_INFORMATION_FORMAT = dwarf;
				ENABLE_STRICT_OBJC_MSGSEND = YES;
				ENABLE_TESTABILITY = YES;
				GCC_C_LANGUAGE_STANDARD = gnu99;
				GCC_DYNAMIC_NO_PIC = NO;
				GCC_NO_COMMON_BLOCKS = YES;
				GCC_OPTIMIZATION_LEVEL = 0;
				GCC_PREPROCESSOR_DEFINITIONS = (
					"DEBUG=1",
					"$(inherited)",
				);
				GCC_WARN_64_TO_32_BIT_CONVERSION = YES;
				GCC_WARN_ABOUT_RETURN_TYPE = YES_ERROR;
				GCC_WARN_UNDECLARED_SELECTOR = YES;
				GCC_WARN_UNINITIALIZED_AUTOS = YES_AGGRESSIVE;
				GCC_WARN_UNUSED_FUNCTION = YES;
				GCC_WARN_UNUSED_VARIABLE = YES;
				IPHONEOS_DEPLOYMENT_TARGET = 10.1;
				MTL_ENABLE_DEBUG_INFO = YES;
				ONLY_ACTIVE_ARCH = YES;
				SDKROOT = iphoneos;
				SWIFT_ACTIVE_COMPILATION_CONDITIONS = DEBUG;
				SWIFT_OPTIMIZATION_LEVEL = "-Onone";
				TARGETED_DEVICE_FAMILY = "1,2";
			};
			name = Debug;
		};
		04A390A51E2F39B1005A8188 /* Release */ = {
			isa = XCBuildConfiguration;
			buildSettings = {
				ALWAYS_SEARCH_USER_PATHS = NO;
				CLANG_ANALYZER_NONNULL = YES;
				CLANG_CXX_LANGUAGE_STANDARD = "gnu++0x";
				CLANG_CXX_LIBRARY = "libc++";
				CLANG_ENABLE_MODULES = YES;
				CLANG_ENABLE_OBJC_ARC = YES;
				CLANG_WARN_BOOL_CONVERSION = YES;
				CLANG_WARN_CONSTANT_CONVERSION = YES;
				CLANG_WARN_DIRECT_OBJC_ISA_USAGE = YES_ERROR;
				CLANG_WARN_DOCUMENTATION_COMMENTS = YES;
				CLANG_WARN_EMPTY_BODY = YES;
				CLANG_WARN_ENUM_CONVERSION = YES;
				CLANG_WARN_INFINITE_RECURSION = YES;
				CLANG_WARN_INT_CONVERSION = YES;
				CLANG_WARN_OBJC_ROOT_CLASS = YES_ERROR;
				CLANG_WARN_SUSPICIOUS_MOVES = YES;
				CLANG_WARN_UNREACHABLE_CODE = YES;
				CLANG_WARN__DUPLICATE_METHOD_MATCH = YES;
				"CODE_SIGN_IDENTITY[sdk=iphoneos*]" = "iPhone Developer";
				COPY_PHASE_STRIP = NO;
				DEBUG_INFORMATION_FORMAT = "dwarf-with-dsym";
				ENABLE_NS_ASSERTIONS = NO;
				ENABLE_STRICT_OBJC_MSGSEND = YES;
				GCC_C_LANGUAGE_STANDARD = gnu99;
				GCC_NO_COMMON_BLOCKS = YES;
				GCC_WARN_64_TO_32_BIT_CONVERSION = YES;
				GCC_WARN_ABOUT_RETURN_TYPE = YES_ERROR;
				GCC_WARN_UNDECLARED_SELECTOR = YES;
				GCC_WARN_UNINITIALIZED_AUTOS = YES_AGGRESSIVE;
				GCC_WARN_UNUSED_FUNCTION = YES;
				GCC_WARN_UNUSED_VARIABLE = YES;
				IPHONEOS_DEPLOYMENT_TARGET = 10.1;
				MTL_ENABLE_DEBUG_INFO = NO;
				SDKROOT = iphoneos;
				SWIFT_OPTIMIZATION_LEVEL = "-Owholemodule";
				TARGETED_DEVICE_FAMILY = "1,2";
				VALIDATE_PRODUCT = YES;
			};
			name = Release;
		};
		04A390A71E2F39B1005A8188 /* Debug */ = {
			isa = XCBuildConfiguration;
			buildSettings = {
				ASSETCATALOG_COMPILER_APPICON_NAME = AppIcon;
				INFOPLIST_FILE = CustomViewFromXIB/Info.plist;
				LD_RUNPATH_SEARCH_PATHS = "$(inherited) @executable_path/Frameworks";
				PRODUCT_BUNDLE_IDENTIFIER = CustomViewFromXIB.CustomViewFromXIB;
				PRODUCT_NAME = "$(TARGET_NAME)";
				SWIFT_VERSION = 3.0;
			};
			name = Debug;
		};
		04A390A81E2F39B1005A8188 /* Release */ = {
			isa = XCBuildConfiguration;
			buildSettings = {
				ASSETCATALOG_COMPILER_APPICON_NAME = AppIcon;
				INFOPLIST_FILE = CustomViewFromXIB/Info.plist;
				LD_RUNPATH_SEARCH_PATHS = "$(inherited) @executable_path/Frameworks";
				PRODUCT_BUNDLE_IDENTIFIER = CustomViewFromXIB.CustomViewFromXIB;
				PRODUCT_NAME = "$(TARGET_NAME)";
				SWIFT_VERSION = 3.0;
			};
			name = Release;
		};
/* End XCBuildConfiguration section */

/* Begin XCConfigurationList section */
		04A3908F1E2F39AF005A8188 /* Build configuration list for PBXProject "CustomViewFromXIB" */ = {
			isa = XCConfigurationList;
			buildConfigurations = (
				04A390A41E2F39B1005A8188 /* Debug */,
				04A390A51E2F39B1005A8188 /* Release */,
			);
			defaultConfigurationIsVisible = 0;
			defaultConfigurationName = Release;
		};
		04A390A61E2F39B1005A8188 /* Build configuration list for PBXNativeTarget "CustomViewFromXIB" */ = {
			isa = XCConfigurationList;
			buildConfigurations = (
				04A390A71E2F39B1005A8188 /* Debug */,
				04A390A81E2F39B1005A8188 /* Release */,
			);
			defaultConfigurationIsVisible = 0;
		};
/* End XCConfigurationList section */
	};
	rootObject = 04A3908C1E2F39AF005A8188 /* Project object */;
}
