// !$*UTF8*$!
{
	archiveVersion = 1;
	classes = {
	};
	objectVersion = 46;
	objects = {

/* Begin PBXBuildFile section */
		0436BE7A1E03C81E000D6C7A /* UnionUIBezierPaths.swift in Sources */ = {isa = PBXBuildFile; fileRef = 0436BE791E03C81E000D6C7A /* UnionUIBezierPaths.swift */; };
		04DC7BCC1E02C53B0048F196 /* AppDelegate.swift in Sources */ = {isa = PBXBuildFile; fileRef = 04DC7BCB1E02C53B0048F196 /* AppDelegate.swift */; };
		04DC7BCE1E02C53B0048F196 /* ViewController.swift in Sources */ = {isa = PBXBuildFile; fileRef = 04DC7BCD1E02C53B0048F196 /* ViewController.swift */; };
		04DC7BD11E02C53C0048F196 /* Main.storyboard in Resources */ = {isa = PBXBuildFile; fileRef = 04DC7BCF1E02C53C0048F196 /* Main.storyboard */; };
		04DC7BD31E02C53C0048F196 /* Assets.xcassets in Resources */ = {isa = PBXBuildFile; fileRef = 04DC7BD21E02C53C0048F196 /* Assets.xcassets */; };
		04DC7BD61E02C53C0048F196 /* LaunchScreen.storyboard in Resources */ = {isa = PBXBuildFile; fileRef = 04DC7BD41E02C53C0048F196 /* LaunchScreen.storyboard */; };
/* End PBXBuildFile section */

/* Begin PBXFileReference section */
		0436BE791E03C81E000D6C7A /* UnionUIBezierPaths.swift */ = {isa = PBXFileReference; fileEncoding = 4; lastKnownFileType = sourcecode.swift; path = UnionUIBezierPaths.swift; sourceTree = "<group>"; };
		04DC7BC81E02C53B0048F196 /* PolygonIntersection.app */ = {isa = PBXFileReference; explicitFileType = wrapper.application; includeInIndex = 0; path = PolygonIntersection.app; sourceTree = BUILT_PRODUCTS_DIR; };
		04DC7BCB1E02C53B0048F196 /* AppDelegate.swift */ = {isa = PBXFileReference; lastKnownFileType = sourcecode.swift; path = AppDelegate.swift; sourceTree = "<group>"; };
		04DC7BCD1E02C53B0048F196 /* ViewController.swift */ = {isa = PBXFileReference; lastKnownFileType = sourcecode.swift; path = ViewController.swift; sourceTree = "<group>"; };
		04DC7BD01E02C53C0048F196 /* Base */ = {isa = PBXFileReference; lastKnownFileType = file.storyboard; name = Base; path = Base.lproj/Main.storyboard; sourceTree = "<group>"; };
		04DC7BD21E02C53C0048F196 /* Assets.xcassets */ = {isa = PBXFileReference; lastKnownFileType = folder.assetcatalog; path = Assets.xcassets; sourceTree = "<group>"; };
		04DC7BD51E02C53C0048F196 /* Base */ = {isa = PBXFileReference; lastKnownFileType = file.storyboard; name = Base; path = Base.lproj/LaunchScreen.storyboard; sourceTree = "<group>"; };
		04DC7BD71E02C53D0048F196 /* Info.plist */ = {isa = PBXFileReference; lastKnownFileType = text.plist.xml; path = Info.plist; sourceTree = "<group>"; };
/* End PBXFileReference section */

/* Begin PBXFrameworksBuildPhase section */
		04DC7BC51E02C53B0048F196 /* Frameworks */ = {
			isa = PBXFrameworksBuildPhase;
			buildActionMask = 2147483647;
			files = (
			);
			runOnlyForDeploymentPostprocessing = 0;
		};
/* End PBXFrameworksBuildPhase section */

/* Begin PBXGroup section */
		04DC7BBF1E02C53A0048F196 = {
			isa = PBXGroup;
			children = (
				04DC7BCA1E02C53B0048F196 /* PolygonIntersection */,
				04DC7BC91E02C53B0048F196 /* Products */,
			);
			sourceTree = "<group>";
		};
		04DC7BC91E02C53B0048F196 /* Products */ = {
			isa = PBXGroup;
			children = (
				04DC7BC81E02C53B0048F196 /* PolygonIntersection.app */,
			);
			name = Products;
			sourceTree = "<group>";
		};
		04DC7BCA1E02C53B0048F196 /* PolygonIntersection */ = {
			isa = PBXGroup;
			children = (
				04DC7BCB1E02C53B0048F196 /* AppDelegate.swift */,
				0436BE791E03C81E000D6C7A /* UnionUIBezierPaths.swift */,
				04DC7BCD1E02C53B0048F196 /* ViewController.swift */,
				04DC7BCF1E02C53C0048F196 /* Main.storyboard */,
				04DC7BD21E02C53C0048F196 /* Assets.xcassets */,
				04DC7BD41E02C53C0048F196 /* LaunchScreen.storyboard */,
				04DC7BD71E02C53D0048F196 /* Info.plist */,
			);
			path = PolygonIntersection;
			sourceTree = "<group>";
		};
/* End PBXGroup section */

/* Begin PBXNativeTarget section */
		04DC7BC71E02C53B0048F196 /* PolygonIntersection */ = {
			isa = PBXNativeTarget;
			buildConfigurationList = 04DC7BDA1E02C53D0048F196 /* Build configuration list for PBXNativeTarget "PolygonIntersection" */;
			buildPhases = (
				04DC7BC41E02C53B0048F196 /* Sources */,
				04DC7BC51E02C53B0048F196 /* Frameworks */,
				04DC7BC61E02C53B0048F196 /* Resources */,
			);
			buildRules = (
			);
			dependencies = (
			);
			name = PolygonIntersection;
			productName = PolygonIntersection;
			productReference = 04DC7BC81E02C53B0048F196 /* PolygonIntersection.app */;
			productType = "com.apple.product-type.application";
		};
/* End PBXNativeTarget section */

/* Begin PBXProject section */
		04DC7BC01E02C53A0048F196 /* Project object */ = {
			isa = PBXProject;
			attributes = {
				LastSwiftUpdateCheck = 0810;
				LastUpgradeCheck = 0810;
				ORGANIZATIONNAME = "com. PolygonIntersection";
				TargetAttributes = {
					04DC7BC71E02C53B0048F196 = {
						CreatedOnToolsVersion = 8.1;
						ProvisioningStyle = Automatic;
					};
				};
			};
			buildConfigurationList = 04DC7BC31E02C53B0048F196 /* Build configuration list for PBXProject "PolygonIntersection" */;
			compatibilityVersion = "Xcode 3.2";
			developmentRegion = English;
			hasScannedForEncodings = 0;
			knownRegions = (
				en,
				Base,
			);
			mainGroup = 04DC7BBF1E02C53A0048F196;
			productRefGroup = 04DC7BC91E02C53B0048F196 /* Products */;
			projectDirPath = "";
			projectRoot = "";
			targets = (
				04DC7BC71E02C53B0048F196 /* PolygonIntersection */,
			);
		};
/* End PBXProject section */

/* Begin PBXResourcesBuildPhase section */
		04DC7BC61E02C53B0048F196 /* Resources */ = {
			isa = PBXResourcesBuildPhase;
			buildActionMask = 2147483647;
			files = (
				04DC7BD61E02C53C0048F196 /* LaunchScreen.storyboard in Resources */,
				04DC7BD31E02C53C0048F196 /* Assets.xcassets in Resources */,
				04DC7BD11E02C53C0048F196 /* Main.storyboard in Resources */,
			);
			runOnlyForDeploymentPostprocessing = 0;
		};
/* End PBXResourcesBuildPhase section */

/* Begin PBXSourcesBuildPhase section */
		04DC7BC41E02C53B0048F196 /* Sources */ = {
			isa = PBXSourcesBuildPhase;
			buildActionMask = 2147483647;
			files = (
				04DC7BCE1E02C53B0048F196 /* ViewController.swift in Sources */,
				04DC7BCC1E02C53B0048F196 /* AppDelegate.swift in Sources */,
				0436BE7A1E03C81E000D6C7A /* UnionUIBezierPaths.swift in Sources */,
			);
			runOnlyForDeploymentPostprocessing = 0;
		};
/* End PBXSourcesBuildPhase section */

/* Begin PBXVariantGroup section */
		04DC7BCF1E02C53C0048F196 /* Main.storyboard */ = {
			isa = PBXVariantGroup;
			children = (
				04DC7BD01E02C53C0048F196 /* Base */,
			);
			name = Main.storyboard;
			sourceTree = "<group>";
		};
		04DC7BD41E02C53C0048F196 /* LaunchScreen.storyboard */ = {
			isa = PBXVariantGroup;
			children = (
				04DC7BD51E02C53C0048F196 /* Base */,
			);
			name = LaunchScreen.storyboard;
			sourceTree = "<group>";
		};
/* End PBXVariantGroup section */

/* Begin XCBuildConfiguration section */
		04DC7BD81E02C53D0048F196 /* Debug */ = {
			isa = XCBuildConfiguration;
			buildSettings = {
				ALWAYS_SEARCH_USER_PATHS = NO;
				CLANG_ANALYZER_NONNULL = YES;
				CLANG_CXX_LANGUAGE_STANDARD = "gnu++0x";
				CLANG_CXX_LIBRARY = "libc++";
				CLANG_ENABLE_MODULES = YES;
				CLANG_ENABLE_OBJC_ARC = YES;
				CLANG_WARN_BOOL_CONVERSION = YES;
				CLANG_WARN_CONSTANT_CONVERSION = YES;
				CLANG_WARN_DIRECT_OBJC_ISA_USAGE = YES_ERROR;
				CLANG_WARN_DOCUMENTATION_COMMENTS = YES;
				CLANG_WARN_EMPTY_BODY = YES;
				CLANG_WARN_ENUM_CONVERSION = YES;
				CLANG_WARN_INFINITE_RECURSION = YES;
				CLANG_WARN_INT_CONVERSION = YES;
				CLANG_WARN_OBJC_ROOT_CLASS = YES_ERROR;
				CLANG_WARN_SUSPICIOUS_MOVES = YES;
				CLANG_WARN_UNREACHABLE_CODE = YES;
				CLANG_WARN__DUPLICATE_METHOD_MATCH = YES;
				"CODE_SIGN_IDENTITY[sdk=iphoneos*]" = "iPhone Developer";
				COPY_PHASE_STRIP = NO;
				DEBUG_INFORMATION_FORMAT = dwarf;
				ENABLE_STRICT_OBJC_MSGSEND = YES;
				ENABLE_TESTABILITY = YES;
				GCC_C_LANGUAGE_STANDARD = gnu99;
				GCC_DYNAMIC_NO_PIC = NO;
				GCC_NO_COMMON_BLOCKS = YES;
				GCC_OPTIMIZATION_LEVEL = 0;
				GCC_PREPROCESSOR_DEFINITIONS = (
					"DEBUG=1",
					"$(inherited)",
				);
				GCC_WARN_64_TO_32_BIT_CONVERSION = YES;
				GCC_WARN_ABOUT_RETURN_TYPE = YES_ERROR;
				GCC_WARN_UNDECLARED_SELECTOR = YES;
				GCC_WARN_UNINITIALIZED_AUTOS = YES_AGGRESSIVE;
				GCC_WARN_UNUSED_FUNCTION = YES;
				GCC_WARN_UNUSED_VARIABLE = YES;
				IPHONEOS_DEPLOYMENT_TARGET = 10.1;
				MTL_ENABLE_DEBUG_INFO = YES;
				ONLY_ACTIVE_ARCH = YES;
				SDKROOT = iphoneos;
				SWIFT_ACTIVE_COMPILATION_CONDITIONS = DEBUG;
				SWIFT_OPTIMIZATION_LEVEL = "-Onone";
				TARGETED_DEVICE_FAMILY = "1,2";
			};
			name = Debug;
		};
		04DC7BD91E02C53D0048F196 /* Release */ = {
			isa = XCBuildConfiguration;
			buildSettings = {
				ALWAYS_SEARCH_USER_PATHS = NO;
				CLANG_ANALYZER_NONNULL = YES;
				CLANG_CXX_LANGUAGE_STANDARD = "gnu++0x";
				CLANG_CXX_LIBRARY = "libc++";
				CLANG_ENABLE_MODULES = YES;
				CLANG_ENABLE_OBJC_ARC = YES;
				CLANG_WARN_BOOL_CONVERSION = YES;
				CLANG_WARN_CONSTANT_CONVERSION = YES;
				CLANG_WARN_DIRECT_OBJC_ISA_USAGE = YES_ERROR;
				CLANG_WARN_DOCUMENTATION_COMMENTS = YES;
				CLANG_WARN_EMPTY_BODY = YES;
				CLANG_WARN_ENUM_CONVERSION = YES;
				CLANG_WARN_INFINITE_RECURSION = YES;
				CLANG_WARN_INT_CONVERSION = YES;
				CLANG_WARN_OBJC_ROOT_CLASS = YES_ERROR;
				CLANG_WARN_SUSPICIOUS_MOVES = YES;
				CLANG_WARN_UNREACHABLE_CODE = YES;
				CLANG_WARN__DUPLICATE_METHOD_MATCH = YES;
				"CODE_SIGN_IDENTITY[sdk=iphoneos*]" = "iPhone Developer";
				COPY_PHASE_STRIP = NO;
				DEBUG_INFORMATION_FORMAT = "dwarf-with-dsym";
				ENABLE_NS_ASSERTIONS = NO;
				ENABLE_STRICT_OBJC_MSGSEND = YES;
				GCC_C_LANGUAGE_STANDARD = gnu99;
				GCC_NO_COMMON_BLOCKS = YES;
				GCC_WARN_64_TO_32_BIT_CONVERSION = YES;
				GCC_WARN_ABOUT_RETURN_TYPE = YES_ERROR;
				GCC_WARN_UNDECLARED_SELECTOR = YES;
				GCC_WARN_UNINITIALIZED_AUTOS = YES_AGGRESSIVE;
				GCC_WARN_UNUSED_FUNCTION = YES;
				GCC_WARN_UNUSED_VARIABLE = YES;
				IPHONEOS_DEPLOYMENT_TARGET = 10.1;
				MTL_ENABLE_DEBUG_INFO = NO;
				SDKROOT = iphoneos;
				SWIFT_OPTIMIZATION_LEVEL = "-Owholemodule";
				TARGETED_DEVICE_FAMILY = "1,2";
				VALIDATE_PRODUCT = YES;
			};
			name = Release;
		};
		04DC7BDB1E02C53D0048F196 /* Debug */ = {
			isa = XCBuildConfiguration;
			buildSettings = {
				ASSETCATALOG_COMPILER_APPICON_NAME = AppIcon;
				INFOPLIST_FILE = PolygonIntersection/Info.plist;
				LD_RUNPATH_SEARCH_PATHS = "$(inherited) @executable_path/Frameworks";
				PRODUCT_BUNDLE_IDENTIFIER = PolygonIntersection.PolygonIntersection;
				PRODUCT_NAME = "$(TARGET_NAME)";
				SWIFT_VERSION = 3.0;
			};
			name = Debug;
		};
		04DC7BDC1E02C53D0048F196 /* Release */ = {
			isa = XCBuildConfiguration;
			buildSettings = {
				ASSETCATALOG_COMPILER_APPICON_NAME = AppIcon;
				INFOPLIST_FILE = PolygonIntersection/Info.plist;
				LD_RUNPATH_SEARCH_PATHS = "$(inherited) @executable_path/Frameworks";
				PRODUCT_BUNDLE_IDENTIFIER = PolygonIntersection.PolygonIntersection;
				PRODUCT_NAME = "$(TARGET_NAME)";
				SWIFT_VERSION = 3.0;
			};
			name = Release;
		};
/* End XCBuildConfiguration section */

/* Begin XCConfigurationList section */
		04DC7BC31E02C53B0048F196 /* Build configuration list for PBXProject "PolygonIntersection" */ = {
			isa = XCConfigurationList;
			buildConfigurations = (
				04DC7BD81E02C53D0048F196 /* Debug */,
				04DC7BD91E02C53D0048F196 /* Release */,
			);
			defaultConfigurationIsVisible = 0;
			defaultConfigurationName = Release;
		};
		04DC7BDA1E02C53D0048F196 /* Build configuration list for PBXNativeTarget "PolygonIntersection" */ = {
			isa = XCConfigurationList;
			buildConfigurations = (
				04DC7BDB1E02C53D0048F196 /* Debug */,
				04DC7BDC1E02C53D0048F196 /* Release */,
			);
			defaultConfigurationIsVisible = 0;
			defaultConfigurationName = Release;
		};
/* End XCConfigurationList section */
	};
	rootObject = 04DC7BC01E02C53A0048F196 /* Project object */;
}
