// !$*UTF8*$!
{
	archiveVersion = 1;
	classes = {
	};
	objectVersion = 46;
	objects = {

/* Begin PBXBuildFile section */
		04CCD0161E0274D700012CB7 /* AppDelegate.swift in Sources */ = {isa = PBXBuildFile; fileRef = 04CCD0151E0274D700012CB7 /* AppDelegate.swift */; };
		04CCD0181E0274D700012CB7 /* ViewController.swift in Sources */ = {isa = PBXBuildFile; fileRef = 04CCD0171E0274D700012CB7 /* ViewController.swift */; };
		04CCD01B1E0274D700012CB7 /* Main.storyboard in Resources */ = {isa = PBXBuildFile; fileRef = 04CCD0191E0274D700012CB7 /* Main.storyboard */; };
		04CCD01D1E0274D700012CB7 /* Assets.xcassets in Resources */ = {isa = PBXBuildFile; fileRef = 04CCD01C1E0274D700012CB7 /* Assets.xcassets */; };
		04CCD0201E0274D700012CB7 /* LaunchScreen.storyboard in Resources */ = {isa = PBXBuildFile; fileRef = 04CCD01E1E0274D700012CB7 /* LaunchScreen.storyboard */; };
		04CCD0281E02783200012CB7 /* image.png in Resources */ = {isa = PBXBuildFile; fileRef = 04CCD0271E02783200012CB7 /* image.png */; };
		04CCD02A1E027A0A00012CB7 /* NewView.swift in Sources */ = {isa = PBXBuildFile; fileRef = 04CCD0291E027A0A00012CB7 /* NewView.swift */; };
/* End PBXBuildFile section */

/* Begin PBXFileReference section */
		04CCD0121E0274D600012CB7 /* CGContextDrawImageDemo.app */ = {isa = PBXFileReference; explicitFileType = wrapper.application; includeInIndex = 0; path = CGContextDrawImageDemo.app; sourceTree = BUILT_PRODUCTS_DIR; };
		04CCD0151E0274D700012CB7 /* AppDelegate.swift */ = {isa = PBXFileReference; lastKnownFileType = sourcecode.swift; path = AppDelegate.swift; sourceTree = "<group>"; };
		04CCD0171E0274D700012CB7 /* ViewController.swift */ = {isa = PBXFileReference; lastKnownFileType = sourcecode.swift; path = ViewController.swift; sourceTree = "<group>"; };
		04CCD01A1E0274D700012CB7 /* Base */ = {isa = PBXFileReference; lastKnownFileType = file.storyboard; name = Base; path = Base.lproj/Main.storyboard; sourceTree = "<group>"; };
		04CCD01C1E0274D700012CB7 /* Assets.xcassets */ = {isa = PBXFileReference; lastKnownFileType = folder.assetcatalog; path = Assets.xcassets; sourceTree = "<group>"; };
		04CCD01F1E0274D700012CB7 /* Base */ = {isa = PBXFileReference; lastKnownFileType = file.storyboard; name = Base; path = Base.lproj/LaunchScreen.storyboard; sourceTree = "<group>"; };
		04CCD0211E0274D800012CB7 /* Info.plist */ = {isa = PBXFileReference; lastKnownFileType = text.plist.xml; path = Info.plist; sourceTree = "<group>"; };
		04CCD0271E02783200012CB7 /* image.png */ = {isa = PBXFileReference; lastKnownFileType = image.png; path = image.png; sourceTree = "<group>"; };
		04CCD0291E027A0A00012CB7 /* NewView.swift */ = {isa = PBXFileReference; fileEncoding = 4; lastKnownFileType = sourcecode.swift; path = NewView.swift; sourceTree = "<group>"; };
/* End PBXFileReference section */

/* Begin PBXFrameworksBuildPhase section */
		04CCD00F1E0274D600012CB7 /* Frameworks */ = {
			isa = PBXFrameworksBuildPhase;
			buildActionMask = 2147483647;
			files = (
			);
			runOnlyForDeploymentPostprocessing = 0;
		};
/* End PBXFrameworksBuildPhase section */

/* Begin PBXGroup section */
		04CCD0091E0274D600012CB7 = {
			isa = PBXGroup;
			children = (
				04CCD0141E0274D600012CB7 /* CGContextDrawImageDemo */,
				04CCD0131E0274D600012CB7 /* Products */,
			);
			sourceTree = "<group>";
		};
		04CCD0131E0274D600012CB7 /* Products */ = {
			isa = PBXGroup;
			children = (
				04CCD0121E0274D600012CB7 /* CGContextDrawImageDemo.app */,
			);
			name = Products;
			sourceTree = "<group>";
		};
		04CCD0141E0274D600012CB7 /* CGContextDrawImageDemo */ = {
			isa = PBXGroup;
			children = (
				04CCD0151E0274D700012CB7 /* AppDelegate.swift */,
				04CCD0171E0274D700012CB7 /* ViewController.swift */,
				04CCD0271E02783200012CB7 /* image.png */,
				04CCD0191E0274D700012CB7 /* Main.storyboard */,
				04CCD01C1E0274D700012CB7 /* Assets.xcassets */,
				04CCD01E1E0274D700012CB7 /* LaunchScreen.storyboard */,
				04CCD0211E0274D800012CB7 /* Info.plist */,
				04CCD0291E027A0A00012CB7 /* NewView.swift */,
			);
			path = CGContextDrawImageDemo;
			sourceTree = "<group>";
		};
/* End PBXGroup section */

/* Begin PBXNativeTarget section */
		04CCD0111E0274D600012CB7 /* CGContextDrawImageDemo */ = {
			isa = PBXNativeTarget;
			buildConfigurationList = 04CCD0241E0274D800012CB7 /* Build configuration list for PBXNativeTarget "CGContextDrawImageDemo" */;
			buildPhases = (
				04CCD00E1E0274D600012CB7 /* Sources */,
				04CCD00F1E0274D600012CB7 /* Frameworks */,
				04CCD0101E0274D600012CB7 /* Resources */,
			);
			buildRules = (
			);
			dependencies = (
			);
			name = CGContextDrawImageDemo;
			productName = CGContextDrawImageDemo;
			productReference = 04CCD0121E0274D600012CB7 /* CGContextDrawImageDemo.app */;
			productType = "com.apple.product-type.application";
		};
/* End PBXNativeTarget section */

/* Begin PBXProject section */
		04CCD00A1E0274D600012CB7 /* Project object */ = {
			isa = PBXProject;
			attributes = {
				LastSwiftUpdateCheck = 0810;
				LastUpgradeCheck = 0810;
				ORGANIZATIONNAME = "com. GradientColor";
				TargetAttributes = {
					04CCD0111E0274D600012CB7 = {
						CreatedOnToolsVersion = 8.1;
						ProvisioningStyle = Automatic;
					};
				};
			};
			buildConfigurationList = 04CCD00D1E0274D600012CB7 /* Build configuration list for PBXProject "CGContextDrawImageDemo" */;
			compatibilityVersion = "Xcode 3.2";
			developmentRegion = English;
			hasScannedForEncodings = 0;
			knownRegions = (
				en,
				Base,
			);
			mainGroup = 04CCD0091E0274D600012CB7;
			productRefGroup = 04CCD0131E0274D600012CB7 /* Products */;
			projectDirPath = "";
			projectRoot = "";
			targets = (
				04CCD0111E0274D600012CB7 /* CGContextDrawImageDemo */,
			);
		};
/* End PBXProject section */

/* Begin PBXResourcesBuildPhase section */
		04CCD0101E0274D600012CB7 /* Resources */ = {
			isa = PBXResourcesBuildPhase;
			buildActionMask = 2147483647;
			files = (
				04CCD0201E0274D700012CB7 /* LaunchScreen.storyboard in Resources */,
				04CCD01D1E0274D700012CB7 /* Assets.xcassets in Resources */,
				04CCD01B1E0274D700012CB7 /* Main.storyboard in Resources */,
				04CCD0281E02783200012CB7 /* image.png in Resources */,
			);
			runOnlyForDeploymentPostprocessing = 0;
		};
/* End PBXResourcesBuildPhase section */

/* Begin PBXSourcesBuildPhase section */
		04CCD00E1E0274D600012CB7 /* Sources */ = {
			isa = PBXSourcesBuildPhase;
			buildActionMask = 2147483647;
			files = (
				04CCD02A1E027A0A00012CB7 /* NewView.swift in Sources */,
				04CCD0181E0274D700012CB7 /* ViewController.swift in Sources */,
				04CCD0161E0274D700012CB7 /* AppDelegate.swift in Sources */,
			);
			runOnlyForDeploymentPostprocessing = 0;
		};
/* End PBXSourcesBuildPhase section */

/* Begin PBXVariantGroup section */
		04CCD0191E0274D700012CB7 /* Main.storyboard */ = {
			isa = PBXVariantGroup;
			children = (
				04CCD01A1E0274D700012CB7 /* Base */,
			);
			name = Main.storyboard;
			sourceTree = "<group>";
		};
		04CCD01E1E0274D700012CB7 /* LaunchScreen.storyboard */ = {
			isa = PBXVariantGroup;
			children = (
				04CCD01F1E0274D700012CB7 /* Base */,
			);
			name = LaunchScreen.storyboard;
			sourceTree = "<group>";
		};
/* End PBXVariantGroup section */

/* Begin XCBuildConfiguration section */
		04CCD0221E0274D800012CB7 /* Debug */ = {
			isa = XCBuildConfiguration;
			buildSettings = {
				ALWAYS_SEARCH_USER_PATHS = NO;
				CLANG_ANALYZER_NONNULL = YES;
				CLANG_CXX_LANGUAGE_STANDARD = "gnu++0x";
				CLANG_CXX_LIBRARY = "libc++";
				CLANG_ENABLE_MODULES = YES;
				CLANG_ENABLE_OBJC_ARC = YES;
				CLANG_WARN_BOOL_CONVERSION = YES;
				CLANG_WARN_CONSTANT_CONVERSION = YES;
				CLANG_WARN_DIRECT_OBJC_ISA_USAGE = YES_ERROR;
				CLANG_WARN_DOCUMENTATION_COMMENTS = YES;
				CLANG_WARN_EMPTY_BODY = YES;
				CLANG_WARN_ENUM_CONVERSION = YES;
				CLANG_WARN_INFINITE_RECURSION = YES;
				CLANG_WARN_INT_CONVERSION = YES;
				CLANG_WARN_OBJC_ROOT_CLASS = YES_ERROR;
				CLANG_WARN_SUSPICIOUS_MOVES = YES;
				CLANG_WARN_UNREACHABLE_CODE = YES;
				CLANG_WARN__DUPLICATE_METHOD_MATCH = YES;
				"CODE_SIGN_IDENTITY[sdk=iphoneos*]" = "iPhone Developer";
				COPY_PHASE_STRIP = NO;
				DEBUG_INFORMATION_FORMAT = dwarf;
				ENABLE_STRICT_OBJC_MSGSEND = YES;
				ENABLE_TESTABILITY = YES;
				GCC_C_LANGUAGE_STANDARD = gnu99;
				GCC_DYNAMIC_NO_PIC = NO;
				GCC_NO_COMMON_BLOCKS = YES;
				GCC_OPTIMIZATION_LEVEL = 0;
				GCC_PREPROCESSOR_DEFINITIONS = (
					"DEBUG=1",
					"$(inherited)",
				);
				GCC_WARN_64_TO_32_BIT_CONVERSION = YES;
				GCC_WARN_ABOUT_RETURN_TYPE = YES_ERROR;
				GCC_WARN_UNDECLARED_SELECTOR = YES;
				GCC_WARN_UNINITIALIZED_AUTOS = YES_AGGRESSIVE;
				GCC_WARN_UNUSED_FUNCTION = YES;
				GCC_WARN_UNUSED_VARIABLE = YES;
				IPHONEOS_DEPLOYMENT_TARGET = 10.1;
				MTL_ENABLE_DEBUG_INFO = YES;
				ONLY_ACTIVE_ARCH = YES;
				SDKROOT = iphoneos;
				SWIFT_ACTIVE_COMPILATION_CONDITIONS = DEBUG;
				SWIFT_OPTIMIZATION_LEVEL = "-Onone";
				TARGETED_DEVICE_FAMILY = "1,2";
			};
			name = Debug;
		};
		04CCD0231E0274D800012CB7 /* Release */ = {
			isa = XCBuildConfiguration;
			buildSettings = {
				ALWAYS_SEARCH_USER_PATHS = NO;
				CLANG_ANALYZER_NONNULL = YES;
				CLANG_CXX_LANGUAGE_STANDARD = "gnu++0x";
				CLANG_CXX_LIBRARY = "libc++";
				CLANG_ENABLE_MODULES = YES;
				CLANG_ENABLE_OBJC_ARC = YES;
				CLANG_WARN_BOOL_CONVERSION = YES;
				CLANG_WARN_CONSTANT_CONVERSION = YES;
				CLANG_WARN_DIRECT_OBJC_ISA_USAGE = YES_ERROR;
				CLANG_WARN_DOCUMENTATION_COMMENTS = YES;
				CLANG_WARN_EMPTY_BODY = YES;
				CLANG_WARN_ENUM_CONVERSION = YES;
				CLANG_WARN_INFINITE_RECURSION = YES;
				CLANG_WARN_INT_CONVERSION = YES;
				CLANG_WARN_OBJC_ROOT_CLASS = YES_ERROR;
				CLANG_WARN_SUSPICIOUS_MOVES = YES;
				CLANG_WARN_UNREACHABLE_CODE = YES;
				CLANG_WARN__DUPLICATE_METHOD_MATCH = YES;
				"CODE_SIGN_IDENTITY[sdk=iphoneos*]" = "iPhone Developer";
				COPY_PHASE_STRIP = NO;
				DEBUG_INFORMATION_FORMAT = "dwarf-with-dsym";
				ENABLE_NS_ASSERTIONS = NO;
				ENABLE_STRICT_OBJC_MSGSEND = YES;
				GCC_C_LANGUAGE_STANDARD = gnu99;
				GCC_NO_COMMON_BLOCKS = YES;
				GCC_WARN_64_TO_32_BIT_CONVERSION = YES;
				GCC_WARN_ABOUT_RETURN_TYPE = YES_ERROR;
				GCC_WARN_UNDECLARED_SELECTOR = YES;
				GCC_WARN_UNINITIALIZED_AUTOS = YES_AGGRESSIVE;
				GCC_WARN_UNUSED_FUNCTION = YES;
				GCC_WARN_UNUSED_VARIABLE = YES;
				IPHONEOS_DEPLOYMENT_TARGET = 10.1;
				MTL_ENABLE_DEBUG_INFO = NO;
				SDKROOT = iphoneos;
				SWIFT_OPTIMIZATION_LEVEL = "-Owholemodule";
				TARGETED_DEVICE_FAMILY = "1,2";
				VALIDATE_PRODUCT = YES;
			};
			name = Release;
		};
		04CCD0251E0274D800012CB7 /* Debug */ = {
			isa = XCBuildConfiguration;
			buildSettings = {
				ASSETCATALOG_COMPILER_APPICON_NAME = AppIcon;
				INFOPLIST_FILE = CGContextDrawImageDemo/Info.plist;
				LD_RUNPATH_SEARCH_PATHS = "$(inherited) @executable_path/Frameworks";
				PRODUCT_BUNDLE_IDENTIFIER = GradientColor.CGContextDrawImageDemo;
				PRODUCT_NAME = "$(TARGET_NAME)";
				SWIFT_VERSION = 3.0;
			};
			name = Debug;
		};
		04CCD0261E0274D800012CB7 /* Release */ = {
			isa = XCBuildConfiguration;
			buildSettings = {
				ASSETCATALOG_COMPILER_APPICON_NAME = AppIcon;
				INFOPLIST_FILE = CGContextDrawImageDemo/Info.plist;
				LD_RUNPATH_SEARCH_PATHS = "$(inherited) @executable_path/Frameworks";
				PRODUCT_BUNDLE_IDENTIFIER = GradientColor.CGContextDrawImageDemo;
				PRODUCT_NAME = "$(TARGET_NAME)";
				SWIFT_VERSION = 3.0;
			};
			name = Release;
		};
/* End XCBuildConfiguration section */

/* Begin XCConfigurationList section */
		04CCD00D1E0274D600012CB7 /* Build configuration list for PBXProject "CGContextDrawImageDemo" */ = {
			isa = XCConfigurationList;
			buildConfigurations = (
				04CCD0221E0274D800012CB7 /* Debug */,
				04CCD0231E0274D800012CB7 /* Release */,
			);
			defaultConfigurationIsVisible = 0;
			defaultConfigurationName = Release;
		};
		04CCD0241E0274D800012CB7 /* Build configuration list for PBXNativeTarget "CGContextDrawImageDemo" */ = {
			isa = XCConfigurationList;
			buildConfigurations = (
				04CCD0251E0274D800012CB7 /* Debug */,
				04CCD0261E0274D800012CB7 /* Release */,
			);
			defaultConfigurationIsVisible = 0;
		};
/* End XCConfigurationList section */
	};
	rootObject = 04CCD00A1E0274D600012CB7 /* Project object */;
}
